// !$*UTF8*$!
{
	archiveVersion = 1;
	classes = {
	};
	objectVersion = 56;
	objects = {

/* Begin PBXBuildFile section */
		2E09414D2D5AEEEB00F17DA0 /* UIKit2SwiftUIViewController.swift in Sources */ = {isa = PBXBuildFile; fileRef = 2E09414C2D5AEEEB00F17DA0 /* UIKit2SwiftUIViewController.swift */; };
		2E0941502D5AFAA100F17DA0 /* SwiftUIPageView.swift in Sources */ = {isa = PBXBuildFile; fileRef = 2E09414F2D5AFAA100F17DA0 /* SwiftUIPageView.swift */; };
		2EF5D3362D5AE40800CBB286 /* AppDelegate.swift in Sources */ = {isa = PBXBuildFile; fileRef = 2EF5D3352D5AE40800CBB286 /* AppDelegate.swift */; };
		2EF5D33A2D5AE40800CBB286 /* ViewController.swift in Sources */ = {isa = PBXBuildFile; fileRef = 2EF5D3392D5AE40800CBB286 /* ViewController.swift */; };
		2EF5D33F2D5AE40900CBB286 /* Assets.xcassets in Resources */ = {isa = PBXBuildFile; fileRef = 2EF5D33E2D5AE40900CBB286 /* Assets.xcassets */; };
		2EF5D3422D5AE40900CBB286 /* Base in Resources */ = {isa = PBXBuildFile; fileRef = 2EF5D3412D5AE40900CBB286 /* Base */; };
		2EF5D34D2D5AE40900CBB286 /* SwiftUI_UIKitTests.swift in Sources */ = {isa = PBXBuildFile; fileRef = 2EF5D34C2D5AE40900CBB286 /* SwiftUI_UIKitTests.swift */; };
		2EF5D3572D5AE40900CBB286 /* SwiftUI_UIKitUITests.swift in Sources */ = {isa = PBXBuildFile; fileRef = 2EF5D3562D5AE40900CBB286 /* SwiftUI_UIKitUITests.swift */; };
		2EF5D3592D5AE40900CBB286 /* SwiftUI_UIKitUITestsLaunchTests.swift in Sources */ = {isa = PBXBuildFile; fileRef = 2EF5D3582D5AE40900CBB286 /* SwiftUI_UIKitUITestsLaunchTests.swift */; };
		72691C907DDEFBBD655D9673 /* libPods-SwiftUI_UIKit.a in Frameworks */ = {isa = PBXBuildFile; fileRef = E35C9BE7DB30EFAB67438295 /* libPods-SwiftUI_UIKit.a */; };
/* End PBXBuildFile section */

/* Begin PBXContainerItemProxy section */
		2EF5D3492D5AE40900CBB286 /* PBXContainerItemProxy */ = {
			isa = PBXContainerItemProxy;
			containerPortal = 2EF5D32A2D5AE40700CBB286 /* Project object */;
			proxyType = 1;
			remoteGlobalIDString = 2EF5D3312D5AE40800CBB286;
			remoteInfo = SwiftUI_UIKit;
		};
		2EF5D3532D5AE40900CBB286 /* PBXContainerItemProxy */ = {
			isa = PBXContainerItemProxy;
			containerPortal = 2EF5D32A2D5AE40700CBB286 /* Project object */;
			proxyType = 1;
			remoteGlobalIDString = 2EF5D3312D5AE40800CBB286;
			remoteInfo = SwiftUI_UIKit;
		};
/* End PBXContainerItemProxy section */

/* Begin PBXFileReference section */
		2E09414C2D5AEEEB00F17DA0 /* UIKit2SwiftUIViewController.swift */ = {isa = PBXFileReference; lastKnownFileType = sourcecode.swift; path = UIKit2SwiftUIViewController.swift; sourceTree = "<group>"; };
		2E09414F2D5AFAA100F17DA0 /* SwiftUIPageView.swift */ = {isa = PBXFileReference; lastKnownFileType = sourcecode.swift; path = SwiftUIPageView.swift; sourceTree = "<group>"; };
		2EF5D3322D5AE40800CBB286 /* SwiftUI_UIKit.app */ = {isa = PBXFileReference; explicitFileType = wrapper.application; includeInIndex = 0; path = SwiftUI_UIKit.app; sourceTree = BUILT_PRODUCTS_DIR; };
		2EF5D3352D5AE40800CBB286 /* AppDelegate.swift */ = {isa = PBXFileReference; lastKnownFileType = sourcecode.swift; path = AppDelegate.swift; sourceTree = "<group>"; };
		2EF5D3392D5AE40800CBB286 /* ViewController.swift */ = {isa = PBXFileReference; lastKnownFileType = sourcecode.swift; path = ViewController.swift; sourceTree = "<group>"; };
		2EF5D33E2D5AE40900CBB286 /* Assets.xcassets */ = {isa = PBXFileReference; lastKnownFileType = folder.assetcatalog; path = Assets.xcassets; sourceTree = "<group>"; };
		2EF5D3412D5AE40900CBB286 /* Base */ = {isa = PBXFileReference; lastKnownFileType = file.storyboard; name = Base; path = Base.lproj/LaunchScreen.storyboard; sourceTree = "<group>"; };
		2EF5D3432D5AE40900CBB286 /* Info.plist */ = {isa = PBXFileReference; lastKnownFileType = text.plist.xml; path = Info.plist; sourceTree = "<group>"; };
		2EF5D3482D5AE40900CBB286 /* SwiftUI_UIKitTests.xctest */ = {isa = PBXFileReference; explicitFileType = wrapper.cfbundle; includeInIndex = 0; path = SwiftUI_UIKitTests.xctest; sourceTree = BUILT_PRODUCTS_DIR; };
		2EF5D34C2D5AE40900CBB286 /* SwiftUI_UIKitTests.swift */ = {isa = PBXFileReference; lastKnownFileType = sourcecode.swift; path = SwiftUI_UIKitTests.swift; sourceTree = "<group>"; };
		2EF5D3522D5AE40900CBB286 /* SwiftUI_UIKitUITests.xctest */ = {isa = PBXFileReference; explicitFileType = wrapper.cfbundle; includeInIndex = 0; path = SwiftUI_UIKitUITests.xctest; sourceTree = BUILT_PRODUCTS_DIR; };
		2EF5D3562D5AE40900CBB286 /* SwiftUI_UIKitUITests.swift */ = {isa = PBXFileReference; lastKnownFileType = sourcecode.swift; path = SwiftUI_UIKitUITests.swift; sourceTree = "<group>"; };
		2EF5D3582D5AE40900CBB286 /* SwiftUI_UIKitUITestsLaunchTests.swift */ = {isa = PBXFileReference; lastKnownFileType = sourcecode.swift; path = SwiftUI_UIKitUITestsLaunchTests.swift; sourceTree = "<group>"; };
		DA05631F5317682C0C8545AE /* Pods-SwiftUI_UIKit.release.xcconfig */ = {isa = PBXFileReference; includeInIndex = 1; lastKnownFileType = text.xcconfig; name = "Pods-SwiftUI_UIKit.release.xcconfig"; path = "Target Support Files/Pods-SwiftUI_UIKit/Pods-SwiftUI_UIKit.release.xcconfig"; sourceTree = "<group>"; };
		E0FEB5E4500DD07FA9FBE364 /* Pods-SwiftUI_UIKit.debug.xcconfig */ = {isa = PBXFileReference; includeInIndex = 1; lastKnownFileType = text.xcconfig; name = "Pods-SwiftUI_UIKit.debug.xcconfig"; path = "Target Support Files/Pods-SwiftUI_UIKit/Pods-SwiftUI_UIKit.debug.xcconfig"; sourceTree = "<group>"; };
		E35C9BE7DB30EFAB67438295 /* libPods-SwiftUI_UIKit.a */ = {isa = PBXFileReference; explicitFileType = archive.ar; includeInIndex = 0; path = "libPods-SwiftUI_UIKit.a"; sourceTree = BUILT_PRODUCTS_DIR; };
/* End PBXFileReference section */

/* Begin PBXFrameworksBuildPhase section */
		2EF5D32F2D5AE40800CBB286 /* Frameworks */ = {
			isa = PBXFrameworksBuildPhase;
			buildActionMask = 2147483647;
			files = (
				72691C907DDEFBBD655D9673 /* libPods-SwiftUI_UIKit.a in Frameworks */,
			);
			runOnlyForDeploymentPostprocessing = 0;
		};
		2EF5D3452D5AE40900CBB286 /* Frameworks */ = {
			isa = PBXFrameworksBuildPhase;
			buildActionMask = 2147483647;
			files = (
			);
			runOnlyForDeploymentPostprocessing = 0;
		};
		2EF5D34F2D5AE40900CBB286 /* Frameworks */ = {
			isa = PBXFrameworksBuildPhase;
			buildActionMask = 2147483647;
			files = (
			);
			runOnlyForDeploymentPostprocessing = 0;
		};
/* End PBXFrameworksBuildPhase section */

/* Begin PBXGroup section */
		2E09414B2D5AEEB800F17DA0 /* UIKit2SwiftUI */ = {
			isa = PBXGroup;
			children = (
				2E09414C2D5AEEEB00F17DA0 /* UIKit2SwiftUIViewController.swift */,
			);
			path = UIKit2SwiftUI;
			sourceTree = "<group>";
		};
		2E09414E2D5AF9AC00F17DA0 /* SwiftUI2UIKit */ = {
			isa = PBXGroup;
			children = (
				2E09414F2D5AFAA100F17DA0 /* SwiftUIPageView.swift */,
			);
			path = SwiftUI2UIKit;
			sourceTree = "<group>";
		};
		2EF5D3292D5AE40700CBB286 = {
			isa = PBXGroup;
			children = (
				2EF5D3342D5AE40800CBB286 /* SwiftUI_UIKit */,
				2EF5D34B2D5AE40900CBB286 /* SwiftUI_UIKitTests */,
				2EF5D3552D5AE40900CBB286 /* SwiftUI_UIKitUITests */,
				2EF5D3332D5AE40800CBB286 /* Products */,
				5A14336EAD0A47992F033545 /* Pods */,
				361C53EC7CC6765914FC1A92 /* Frameworks */,
			);
			sourceTree = "<group>";
		};
		2EF5D3332D5AE40800CBB286 /* Products */ = {
			isa = PBXGroup;
			children = (
				2EF5D3322D5AE40800CBB286 /* SwiftUI_UIKit.app */,
				2EF5D3482D5AE40900CBB286 /* SwiftUI_UIKitTests.xctest */,
				2EF5D3522D5AE40900CBB286 /* SwiftUI_UIKitUITests.xctest */,
			);
			name = Products;
			sourceTree = "<group>";
		};
		2EF5D3342D5AE40800CBB286 /* SwiftUI_UIKit */ = {
			isa = PBXGroup;
			children = (
				2E09414B2D5AEEB800F17DA0 /* UIKit2SwiftUI */,
				2E09414E2D5AF9AC00F17DA0 /* SwiftUI2UIKit */,
				2EF5D3352D5AE40800CBB286 /* AppDelegate.swift */,
				2EF5D3392D5AE40800CBB286 /* ViewController.swift */,
				2EF5D33E2D5AE40900CBB286 /* Assets.xcassets */,
				2EF5D3402D5AE40900CBB286 /* LaunchScreen.storyboard */,
				2EF5D3432D5AE40900CBB286 /* Info.plist */,
			);
			path = SwiftUI_UIKit;
			sourceTree = "<group>";
		};
		2EF5D34B2D5AE40900CBB286 /* SwiftUI_UIKitTests */ = {
			isa = PBXGroup;
			children = (
				2EF5D34C2D5AE40900CBB286 /* SwiftUI_UIKitTests.swift */,
			);
			path = SwiftUI_UIKitTests;
			sourceTree = "<group>";
		};
		2EF5D3552D5AE40900CBB286 /* SwiftUI_UIKitUITests */ = {
			isa = PBXGroup;
			children = (
				2EF5D3562D5AE40900CBB286 /* SwiftUI_UIKitUITests.swift */,
				2EF5D3582D5AE40900CBB286 /* SwiftUI_UIKitUITestsLaunchTests.swift */,
			);
			path = SwiftUI_UIKitUITests;
			sourceTree = "<group>";
		};
		361C53EC7CC6765914FC1A92 /* Frameworks */ = {
			isa = PBXGroup;
			children = (
				E35C9BE7DB30EFAB67438295 /* libPods-SwiftUI_UIKit.a */,
			);
			name = Frameworks;
			sourceTree = "<group>";
		};
		5A14336EAD0A47992F033545 /* Pods */ = {
			isa = PBXGroup;
			children = (
				E0FEB5E4500DD07FA9FBE364 /* Pods-SwiftUI_UIKit.debug.xcconfig */,
				DA05631F5317682C0C8545AE /* Pods-SwiftUI_UIKit.release.xcconfig */,
			);
			path = Pods;
			sourceTree = "<group>";
		};
/* End PBXGroup section */

/* Begin PBXNativeTarget section */
		2EF5D3312D5AE40800CBB286 /* SwiftUI_UIKit */ = {
			isa = PBXNativeTarget;
			buildConfigurationList = 2EF5D35C2D5AE40900CBB286 /* Build configuration list for PBXNativeTarget "SwiftUI_UIKit" */;
			buildPhases = (
				719F30A1807E113409C1CE97 /* [CP] Check Pods Manifest.lock */,
				2EF5D32E2D5AE40800CBB286 /* Sources */,
				2EF5D32F2D5AE40800CBB286 /* Frameworks */,
				2EF5D3302D5AE40800CBB286 /* Resources */,
				F5F6875477557A271BFB52EE /* [CP] Copy Pods Resources */,
			);
			buildRules = (
			);
			dependencies = (
			);
			name = SwiftUI_UIKit;
			productName = SwiftUI_UIKit;
			productReference = 2EF5D3322D5AE40800CBB286 /* SwiftUI_UIKit.app */;
			productType = "com.apple.product-type.application";
		};
		2EF5D3472D5AE40900CBB286 /* SwiftUI_UIKitTests */ = {
			isa = PBXNativeTarget;
			buildConfigurationList = 2EF5D35F2D5AE40900CBB286 /* Build configuration list for PBXNativeTarget "SwiftUI_UIKitTests" */;
			buildPhases = (
				2EF5D3442D5AE40900CBB286 /* Sources */,
				2EF5D3452D5AE40900CBB286 /* Frameworks */,
				2EF5D3462D5AE40900CBB286 /* Resources */,
			);
			buildRules = (
			);
			dependencies = (
				2EF5D34A2D5AE40900CBB286 /* PBXTargetDependency */,
			);
			name = SwiftUI_UIKitTests;
			productName = SwiftUI_UIKitTests;
			productReference = 2EF5D3482D5AE40900CBB286 /* SwiftUI_UIKitTests.xctest */;
			productType = "com.apple.product-type.bundle.unit-test";
		};
		2EF5D3512D5AE40900CBB286 /* SwiftUI_UIKitUITests */ = {
			isa = PBXNativeTarget;
			buildConfigurationList = 2EF5D3622D5AE40900CBB286 /* Build configuration list for PBXNativeTarget "SwiftUI_UIKitUITests" */;
			buildPhases = (
				2EF5D34E2D5AE40900CBB286 /* Sources */,
				2EF5D34F2D5AE40900CBB286 /* Frameworks */,
				2EF5D3502D5AE40900CBB286 /* Resources */,
			);
			buildRules = (
			);
			dependencies = (
				2EF5D3542D5AE40900CBB286 /* PBXTargetDependency */,
			);
			name = SwiftUI_UIKitUITests;
			productName = SwiftUI_UIKitUITests;
			productReference = 2EF5D3522D5AE40900CBB286 /* SwiftUI_UIKitUITests.xctest */;
			productType = "com.apple.product-type.bundle.ui-testing";
		};
/* End PBXNativeTarget section */

/* Begin PBXProject section */
		2EF5D32A2D5AE40700CBB286 /* Project object */ = {
			isa = PBXProject;
			attributes = {
				BuildIndependentTargetsInParallel = 1;
				LastSwiftUpdateCheck = 1530;
				LastUpgradeCheck = 1530;
				TargetAttributes = {
					2EF5D3312D5AE40800CBB286 = {
						CreatedOnToolsVersion = 15.3;
					};
					2EF5D3472D5AE40900CBB286 = {
						CreatedOnToolsVersion = 15.3;
						TestTargetID = 2EF5D3312D5AE40800CBB286;
					};
					2EF5D3512D5AE40900CBB286 = {
						CreatedOnToolsVersion = 15.3;
						TestTargetID = 2EF5D3312D5AE40800CBB286;
					};
				};
			};
			buildConfigurationList = 2EF5D32D2D5AE40700CBB286 /* Build configuration list for PBXProject "SwiftUI_UIKit" */;
			compatibilityVersion = "Xcode 14.0";
			developmentRegion = en;
			hasScannedForEncodings = 0;
			knownRegions = (
				en,
				Base,
			);
			mainGroup = 2EF5D3292D5AE40700CBB286;
			productRefGroup = 2EF5D3332D5AE40800CBB286 /* Products */;
			projectDirPath = "";
			projectRoot = "";
			targets = (
				2EF5D3312D5AE40800CBB286 /* SwiftUI_UIKit */,
				2EF5D3472D5AE40900CBB286 /* SwiftUI_UIKitTests */,
				2EF5D3512D5AE40900CBB286 /* SwiftUI_UIKitUITests */,
			);
		};
/* End PBXProject section */

/* Begin PBXResourcesBuildPhase section */
		2EF5D3302D5AE40800CBB286 /* Resources */ = {
			isa = PBXResourcesBuildPhase;
			buildActionMask = 2147483647;
			files = (
				2EF5D33F2D5AE40900CBB286 /* Assets.xcassets in Resources */,
				2EF5D3422D5AE40900CBB286 /* Base in Resources */,
			);
			runOnlyForDeploymentPostprocessing = 0;
		};
		2EF5D3462D5AE40900CBB286 /* Resources */ = {
			isa = PBXResourcesBuildPhase;
			buildActionMask = 2147483647;
			files = (
			);
			runOnlyForDeploymentPostprocessing = 0;
		};
		2EF5D3502D5AE40900CBB286 /* Resources */ = {
			isa = PBXResourcesBuildPhase;
			buildActionMask = 2147483647;
			files = (
			);
			runOnlyForDeploymentPostprocessing = 0;
		};
/* End PBXResourcesBuildPhase section */

/* Begin PBXShellScriptBuildPhase section */
		719F30A1807E113409C1CE97 /* [CP] Check Pods Manifest.lock */ = {
			isa = PBXShellScriptBuildPhase;
			buildActionMask = 2147483647;
			files = (
			);
			inputFileListPaths = (
			);
			inputPaths = (
				"${PODS_PODFILE_DIR_PATH}/Podfile.lock",
				"${PODS_ROOT}/Manifest.lock",
			);
			name = "[CP] Check Pods Manifest.lock";
			outputFileListPaths = (
			);
			outputPaths = (
				"$(DERIVED_FILE_DIR)/Pods-SwiftUI_UIKit-checkManifestLockResult.txt",
			);
			runOnlyForDeploymentPostprocessing = 0;
			shellPath = /bin/sh;
			shellScript = "diff \"${PODS_PODFILE_DIR_PATH}/Podfile.lock\" \"${PODS_ROOT}/Manifest.lock\" > /dev/null\nif [ $? != 0 ] ; then\n    # print error to STDERR\n    echo \"error: The sandbox is not in sync with the Podfile.lock. Run 'pod install' or update your CocoaPods installation.\" >&2\n    exit 1\nfi\n# This output is used by Xcode 'outputs' to avoid re-running this script phase.\necho \"SUCCESS\" > \"${SCRIPT_OUTPUT_FILE_0}\"\n";
			showEnvVarsInLog = 0;
		};
		F5F6875477557A271BFB52EE /* [CP] Copy Pods Resources */ = {
			isa = PBXShellScriptBuildPhase;
			buildActionMask = 2147483647;
			files = (
			);
			inputFileListPaths = (
				"${PODS_ROOT}/Target Support Files/Pods-SwiftUI_UIKit/Pods-SwiftUI_UIKit-resources-${CONFIGURATION}-input-files.xcfilelist",
			);
			name = "[CP] Copy Pods Resources";
			outputFileListPaths = (
				"${PODS_ROOT}/Target Support Files/Pods-SwiftUI_UIKit/Pods-SwiftUI_UIKit-resources-${CONFIGURATION}-output-files.xcfilelist",
			);
			runOnlyForDeploymentPostprocessing = 0;
			shellPath = /bin/sh;
			shellScript = "\"${PODS_ROOT}/Target Support Files/Pods-SwiftUI_UIKit/Pods-SwiftUI_UIKit-resources.sh\"\n";
			showEnvVarsInLog = 0;
		};
/* End PBXShellScriptBuildPhase section */

/* Begin PBXSourcesBuildPhase section */
		2EF5D32E2D5AE40800CBB286 /* Sources */ = {
			isa = PBXSourcesBuildPhase;
			buildActionMask = 2147483647;
			files = (
				2EF5D33A2D5AE40800CBB286 /* ViewController.swift in Sources */,
				2EF5D3362D5AE40800CBB286 /* AppDelegate.swift in Sources */,
				2E09414D2D5AEEEB00F17DA0 /* UIKit2SwiftUIViewController.swift in Sources */,
				2E0941502D5AFAA100F17DA0 /* SwiftUIPageView.swift in Sources */,
			);
			runOnlyForDeploymentPostprocessing = 0;
		};
		2EF5D3442D5AE40900CBB286 /* Sources */ = {
			isa = PBXSourcesBuildPhase;
			buildActionMask = 2147483647;
			files = (
				2EF5D34D2D5AE40900CBB286 /* SwiftUI_UIKitTests.swift in Sources */,
			);
			runOnlyForDeploymentPostprocessing = 0;
		};
		2EF5D34E2D5AE40900CBB286 /* Sources */ = {
			isa = PBXSourcesBuildPhase;
			buildActionMask = 2147483647;
			files = (
				2EF5D3572D5AE40900CBB286 /* SwiftUI_UIKitUITests.swift in Sources */,
				2EF5D3592D5AE40900CBB286 /* SwiftUI_UIKitUITestsLaunchTests.swift in Sources */,
			);
			runOnlyForDeploymentPostprocessing = 0;
		};
/* End PBXSourcesBuildPhase section */

/* Begin PBXTargetDependency section */
		2EF5D34A2D5AE40900CBB286 /* PBXTargetDependency */ = {
			isa = PBXTargetDependency;
			target = 2EF5D3312D5AE40800CBB286 /* SwiftUI_UIKit */;
			targetProxy = 2EF5D3492D5AE40900CBB286 /* PBXContainerItemProxy */;
		};
		2EF5D3542D5AE40900CBB286 /* PBXTargetDependency */ = {
			isa = PBXTargetDependency;
			target = 2EF5D3312D5AE40800CBB286 /* SwiftUI_UIKit */;
			targetProxy = 2EF5D3532D5AE40900CBB286 /* PBXContainerItemProxy */;
		};
/* End PBXTargetDependency section */

/* Begin PBXVariantGroup section */
		2EF5D3402D5AE40900CBB286 /* LaunchScreen.storyboard */ = {
			isa = PBXVariantGroup;
			children = (
				2EF5D3412D5AE40900CBB286 /* Base */,
			);
			name = LaunchScreen.storyboard;
			sourceTree = "<group>";
		};
/* End PBXVariantGroup section */

/* Begin XCBuildConfiguration section */
		2EF5D35A2D5AE40900CBB286 /* Debug */ = {
			isa = XCBuildConfiguration;
			buildSettings = {
				ALWAYS_SEARCH_USER_PATHS = NO;
				ASSETCATALOG_COMPILER_GENERATE_SWIFT_ASSET_SYMBOL_EXTENSIONS = YES;
				CLANG_ANALYZER_NONNULL = YES;
				CLANG_ANALYZER_NUMBER_OBJECT_CONVERSION = YES_AGGRESSIVE;
				CLANG_CXX_LANGUAGE_STANDARD = "gnu++20";
				CLANG_ENABLE_MODULES = YES;
				CLANG_ENABLE_OBJC_ARC = YES;
				CLANG_ENABLE_OBJC_WEAK = YES;
				CLANG_WARN_BLOCK_CAPTURE_AUTORELEASING = YES;
				CLANG_WARN_BOOL_CONVERSION = YES;
				CLANG_WARN_COMMA = YES;
				CLANG_WARN_CONSTANT_CONVERSION = YES;
				CLANG_WARN_DEPRECATED_OBJC_IMPLEMENTATIONS = YES;
				CLANG_WARN_DIRECT_OBJC_ISA_USAGE = YES_ERROR;
				CLANG_WARN_DOCUMENTATION_COMMENTS = YES;
				CLANG_WARN_EMPTY_BODY = YES;
				CLANG_WARN_ENUM_CONVERSION = YES;
				CLANG_WARN_INFINITE_RECURSION = YES;
				CLANG_WARN_INT_CONVERSION = YES;
				CLANG_WARN_NON_LITERAL_NULL_CONVERSION = YES;
				CLANG_WARN_OBJC_IMPLICIT_RETAIN_SELF = YES;
				CLANG_WARN_OBJC_LITERAL_CONVERSION = YES;
				CLANG_WARN_OBJC_ROOT_CLASS = YES_ERROR;
				CLANG_WARN_QUOTED_INCLUDE_IN_FRAMEWORK_HEADER = YES;
				CLANG_WARN_RANGE_LOOP_ANALYSIS = YES;
				CLANG_WARN_STRICT_PROTOTYPES = YES;
				CLANG_WARN_SUSPICIOUS_MOVE = YES;
				CLANG_WARN_UNGUARDED_AVAILABILITY = YES_AGGRESSIVE;
				CLANG_WARN_UNREACHABLE_CODE = YES;
				CLANG_WARN__DUPLICATE_METHOD_MATCH = YES;
				COPY_PHASE_STRIP = NO;
				DEBUG_INFORMATION_FORMAT = dwarf;
				ENABLE_STRICT_OBJC_MSGSEND = YES;
				ENABLE_TESTABILITY = YES;
				ENABLE_USER_SCRIPT_SANDBOXING = YES;
				GCC_C_LANGUAGE_STANDARD = gnu17;
				GCC_DYNAMIC_NO_PIC = NO;
				GCC_NO_COMMON_BLOCKS = YES;
				GCC_OPTIMIZATION_LEVEL = 0;
				GCC_PREPROCESSOR_DEFINITIONS = (
					"DEBUG=1",
					"$(inherited)",
				);
				GCC_WARN_64_TO_32_BIT_CONVERSION = YES;
				GCC_WARN_ABOUT_RETURN_TYPE = YES_ERROR;
				GCC_WARN_UNDECLARED_SELECTOR = YES;
				GCC_WARN_UNINITIALIZED_AUTOS = YES_AGGRESSIVE;
				GCC_WARN_UNUSED_FUNCTION = YES;
				GCC_WARN_UNUSED_VARIABLE = YES;
				IPHONEOS_DEPLOYMENT_TARGET = 17.4;
				LOCALIZATION_PREFERS_STRING_CATALOGS = YES;
				MTL_ENABLE_DEBUG_INFO = INCLUDE_SOURCE;
				MTL_FAST_MATH = YES;
				ONLY_ACTIVE_ARCH = YES;
				SDKROOT = iphoneos;
				SWIFT_ACTIVE_COMPILATION_CONDITIONS = "DEBUG $(inherited)";
				SWIFT_OPTIMIZATION_LEVEL = "-Onone";
			};
			name = Debug;
		};
		2EF5D35B2D5AE40900CBB286 /* Release */ = {
			isa = XCBuildConfiguration;
			buildSettings = {
				ALWAYS_SEARCH_USER_PATHS = NO;
				ASSETCATALOG_COMPILER_GENERATE_SWIFT_ASSET_SYMBOL_EXTENSIONS = YES;
				CLANG_ANALYZER_NONNULL = YES;
				CLANG_ANALYZER_NUMBER_OBJECT_CONVERSION = YES_AGGRESSIVE;
				CLANG_CXX_LANGUAGE_STANDARD = "gnu++20";
				CLANG_ENABLE_MODULES = YES;
				CLANG_ENABLE_OBJC_ARC = YES;
				CLANG_ENABLE_OBJC_WEAK = YES;
				CLANG_WARN_BLOCK_CAPTURE_AUTORELEASING = YES;
				CLANG_WARN_BOOL_CONVERSION = YES;
				CLANG_WARN_COMMA = YES;
				CLANG_WARN_CONSTANT_CONVERSION = YES;
				CLANG_WARN_DEPRECATED_OBJC_IMPLEMENTATIONS = YES;
				CLANG_WARN_DIRECT_OBJC_ISA_USAGE = YES_ERROR;
				CLANG_WARN_DOCUMENTATION_COMMENTS = YES;
				CLANG_WARN_EMPTY_BODY = YES;
				CLANG_WARN_ENUM_CONVERSION = YES;
				CLANG_WARN_INFINITE_RECURSION = YES;
				CLANG_WARN_INT_CONVERSION = YES;
				CLANG_WARN_NON_LITERAL_NULL_CONVERSION = YES;
				CLANG_WARN_OBJC_IMPLICIT_RETAIN_SELF = YES;
				CLANG_WARN_OBJC_LITERAL_CONVERSION = YES;
				CLANG_WARN_OBJC_ROOT_CLASS = YES_ERROR;
				CLANG_WARN_QUOTED_INCLUDE_IN_FRAMEWORK_HEADER = YES;
				CLANG_WARN_RANGE_LOOP_ANALYSIS = YES;
				CLANG_WARN_STRICT_PROTOTYPES = YES;
				CLANG_WARN_SUSPICIOUS_MOVE = YES;
				CLANG_WARN_UNGUARDED_AVAILABILITY = YES_AGGRESSIVE;
				CLANG_WARN_UNREACHABLE_CODE = YES;
				CLANG_WARN__DUPLICATE_METHOD_MATCH = YES;
				COPY_PHASE_STRIP = NO;
				DEBUG_INFORMATION_FORMAT = "dwarf-with-dsym";
				ENABLE_NS_ASSERTIONS = NO;
				ENABLE_STRICT_OBJC_MSGSEND = YES;
				ENABLE_USER_SCRIPT_SANDBOXING = YES;
				GCC_C_LANGUAGE_STANDARD = gnu17;
				GCC_NO_COMMON_BLOCKS = YES;
				GCC_WARN_64_TO_32_BIT_CONVERSION = YES;
				GCC_WARN_ABOUT_RETURN_TYPE = YES_ERROR;
				GCC_WARN_UNDECLARED_SELECTOR = YES;
				GCC_WARN_UNINITIALIZED_AUTOS = YES_AGGRESSIVE;
				GCC_WARN_UNUSED_FUNCTION = YES;
				GCC_WARN_UNUSED_VARIABLE = YES;
				IPHONEOS_DEPLOYMENT_TARGET = 17.4;
				LOCALIZATION_PREFERS_STRING_CATALOGS = YES;
				MTL_ENABLE_DEBUG_INFO = NO;
				MTL_FAST_MATH = YES;
				SDKROOT = iphoneos;
				SWIFT_COMPILATION_MODE = wholemodule;
				VALIDATE_PRODUCT = YES;
			};
			name = Release;
		};
		2EF5D35D2D5AE40900CBB286 /* Debug */ = {
			isa = XCBuildConfiguration;
			baseConfigurationReference = E0FEB5E4500DD07FA9FBE364 /* Pods-SwiftUI_UIKit.debug.xcconfig */;
			buildSettings = {
				ASSETCATALOG_COMPILER_APPICON_NAME = AppIcon;
				ASSETCATALOG_COMPILER_GLOBAL_ACCENT_COLOR_NAME = AccentColor;
				CODE_SIGN_STYLE = Automatic;
				CURRENT_PROJECT_VERSION = 1;
				DEVELOPMENT_TEAM = XB9QC8RL2F;
				ENABLE_USER_SCRIPT_SANDBOXING = NO;
				GENERATE_INFOPLIST_FILE = YES;
				INFOPLIST_FILE = SwiftUI_UIKit/Info.plist;
				INFOPLIST_KEY_UIApplicationSupportsIndirectInputEvents = YES;
				INFOPLIST_KEY_UILaunchStoryboardName = LaunchScreen;
				INFOPLIST_KEY_UISupportedInterfaceOrientations_iPad = "UIInterfaceOrientationPortrait UIInterfaceOrientationPortraitUpsideDown UIInterfaceOrientationLandscapeLeft UIInterfaceOrientationLandscapeRight";
				INFOPLIST_KEY_UISupportedInterfaceOrientations_iPhone = "UIInterfaceOrientationPortrait UIInterfaceOrientationLandscapeLeft UIInterfaceOrientationLandscapeRight";
				LD_RUNPATH_SEARCH_PATHS = (
					"$(inherited)",
					"@executable_path/Frameworks",
				);
				MARKETING_VERSION = 1.0;
				PRODUCT_BUNDLE_IDENTIFIER = "com.SwiftTest.SwiftUI-UIKit";
				PRODUCT_NAME = "$(TARGET_NAME)";
				SWIFT_EMIT_LOC_STRINGS = YES;
				SWIFT_VERSION = 5.0;
				TARGETED_DEVICE_FAMILY = "1,2";
			};
			name = Debug;
		};
		2EF5D35E2D5AE40900CBB286 /* Release */ = {
			isa = XCBuildConfiguration;
			baseConfigurationReference = DA05631F5317682C0C8545AE /* Pods-SwiftUI_UIKit.release.xcconfig */;
			buildSettings = {
				ASSETCATALOG_COMPILER_APPICON_NAME = AppIcon;
				ASSETCATALOG_COMPILER_GLOBAL_ACCENT_COLOR_NAME = AccentColor;
				CODE_SIGN_STYLE = Automatic;
				CURRENT_PROJECT_VERSION = 1;
				DEVELOPMENT_TEAM = XB9QC8RL2F;
				ENABLE_USER_SCRIPT_SANDBOXING = NO;
				GENERATE_INFOPLIST_FILE = YES;
				INFOPLIST_FILE = SwiftUI_UIKit/Info.plist;
				INFOPLIST_KEY_UIApplicationSupportsIndirectInputEvents = YES;
				INFOPLIST_KEY_UILaunchStoryboardName = LaunchScreen;
				INFOPLIST_KEY_UISupportedInterfaceOrientations_iPad = "UIInterfaceOrientationPortrait UIInterfaceOrientationPortraitUpsideDown UIInterfaceOrientationLandscapeLeft UIInterfaceOrientationLandscapeRight";
				INFOPLIST_KEY_UISupportedInterfaceOrientations_iPhone = "UIInterfaceOrientationPortrait UIInterfaceOrientationLandscapeLeft UIInterfaceOrientationLandscapeRight";
				LD_RUNPATH_SEARCH_PATHS = (
					"$(inherited)",
					"@executable_path/Frameworks",
				);
				MARKETING_VERSION = 1.0;
				PRODUCT_BUNDLE_IDENTIFIER = "com.SwiftTest.SwiftUI-UIKit";
				PRODUCT_NAME = "$(TARGET_NAME)";
				SWIFT_EMIT_LOC_STRINGS = YES;
				SWIFT_VERSION = 5.0;
				TARGETED_DEVICE_FAMILY = "1,2";
			};
			name = Release;
		};
		2EF5D3602D5AE40900CBB286 /* Debug */ = {
			isa = XCBuildConfiguration;
			buildSettings = {
				ALWAYS_EMBED_SWIFT_STANDARD_LIBRARIES = YES;
				BUNDLE_LOADER = "$(TEST_HOST)";
				CODE_SIGN_STYLE = Automatic;
				CURRENT_PROJECT_VERSION = 1;
				DEVELOPMENT_TEAM = XB9QC8RL2F;
				GENERATE_INFOPLIST_FILE = YES;
				IPHONEOS_DEPLOYMENT_TARGET = 17.4;
				MARKETING_VERSION = 1.0;
				PRODUCT_BUNDLE_IDENTIFIER = "com.SwiftTest.SwiftUI-UIKitTests";
				PRODUCT_NAME = "$(TARGET_NAME)";
				SWIFT_EMIT_LOC_STRINGS = NO;
				SWIFT_VERSION = 5.0;
				TARGETED_DEVICE_FAMILY = "1,2";
				TEST_HOST = "$(BUILT_PRODUCTS_DIR)/SwiftUI_UIKit.app/$(BUNDLE_EXECUTABLE_FOLDER_PATH)/SwiftUI_UIKit";
			};
			name = Debug;
		};
		2EF5D3612D5AE40900CBB286 /* Release */ = {
			isa = XCBuildConfiguration;
			buildSettings = {
				ALWAYS_EMBED_SWIFT_STANDARD_LIBRARIES = YES;
				BUNDLE_LOADER = "$(TEST_HOST)";
				CODE_SIGN_STYLE = Automatic;
				CURRENT_PROJECT_VERSION = 1;
				DEVELOPMENT_TEAM = XB9QC8RL2F;
				GENERATE_INFOPLIST_FILE = YES;
				IPHONEOS_DEPLOYMENT_TARGET = 17.4;
				MARKETING_VERSION = 1.0;
				PRODUCT_BUNDLE_IDENTIFIER = "com.SwiftTest.SwiftUI-UIKitTests";
				PRODUCT_NAME = "$(TARGET_NAME)";
				SWIFT_EMIT_LOC_STRINGS = NO;
				SWIFT_VERSION = 5.0;
				TARGETED_DEVICE_FAMILY = "1,2";
				TEST_HOST = "$(BUILT_PRODUCTS_DIR)/SwiftUI_UIKit.app/$(BUNDLE_EXECUTABLE_FOLDER_PATH)/SwiftUI_UIKit";
			};
			name = Release;
		};
		2EF5D3632D5AE40900CBB286 /* Debug */ = {
			isa = XCBuildConfiguration;
			buildSettings = {
				ALWAYS_EMBED_SWIFT_STANDARD_LIBRARIES = YES;
				CODE_SIGN_STYLE = Automatic;
				CURRENT_PROJECT_VERSION = 1;
				DEVELOPMENT_TEAM = XB9QC8RL2F;
				GENERATE_INFOPLIST_FILE = YES;
				MARKETING_VERSION = 1.0;
				PRODUCT_BUNDLE_IDENTIFIER = "com.SwiftTest.SwiftUI-UIKitUITests";
				PRODUCT_NAME = "$(TARGET_NAME)";
				SWIFT_EMIT_LOC_STRINGS = NO;
				SWIFT_VERSION = 5.0;
				TARGETED_DEVICE_FAMILY = "1,2";
				TEST_TARGET_NAME = SwiftUI_UIKit;
			};
			name = Debug;
		};
		2EF5D3642D5AE40900CBB286 /* Release */ = {
			isa = XCBuildConfiguration;
			buildSettings = {
				ALWAYS_EMBED_SWIFT_STANDARD_LIBRARIES = YES;
				CODE_SIGN_STYLE = Automatic;
				CURRENT_PROJECT_VERSION = 1;
				DEVELOPMENT_TEAM = XB9QC8RL2F;
				GENERATE_INFOPLIST_FILE = YES;
				MARKETING_VERSION = 1.0;
				PRODUCT_BUNDLE_IDENTIFIER = "com.SwiftTest.SwiftUI-UIKitUITests";
				PRODUCT_NAME = "$(TARGET_NAME)";
				SWIFT_EMIT_LOC_STRINGS = NO;
				SWIFT_VERSION = 5.0;
				TARGETED_DEVICE_FAMILY = "1,2";
				TEST_TARGET_NAME = SwiftUI_UIKit;
			};
			name = Release;
		};
/* End XCBuildConfiguration section */

/* Begin XCConfigurationList section */
		2EF5D32D2D5AE40700CBB286 /* Build configuration list for PBXProject "SwiftUI_UIKit" */ = {
			isa = XCConfigurationList;
			buildConfigurations = (
				2EF5D35A2D5AE40900CBB286 /* Debug */,
				2EF5D35B2D5AE40900CBB286 /* Release */,
			);
			defaultConfigurationIsVisible = 0;
			defaultConfigurationName = Release;
		};
		2EF5D35C2D5AE40900CBB286 /* Build configuration list for PBXNativeTarget "SwiftUI_UIKit" */ = {
			isa = XCConfigurationList;
			buildConfigurations = (
				2EF5D35D2D5AE40900CBB286 /* Debug */,
				2EF5D35E2D5AE40900CBB286 /* Release */,
			);
			defaultConfigurationIsVisible = 0;
			defaultConfigurationName = Release;
		};
		2EF5D35F2D5AE40900CBB286 /* Build configuration list for PBXNativeTarget "SwiftUI_UIKitTests" */ = {
			isa = XCConfigurationList;
			buildConfigurations = (
				2EF5D3602D5AE40900CBB286 /* Debug */,
				2EF5D3612D5AE40900CBB286 /* Release */,
			);
			defaultConfigurationIsVisible = 0;
			defaultConfigurationName = Release;
		};
		2EF5D3622D5AE40900CBB286 /* Build configuration list for PBXNativeTarget "SwiftUI_UIKitUITests" */ = {
			isa = XCConfigurationList;
			buildConfigurations = (
				2EF5D3632D5AE40900CBB286 /* Debug */,
				2EF5D3642D5AE40900CBB286 /* Release */,
			);
			defaultConfigurationIsVisible = 0;
			defaultConfigurationName = Release;
		};
/* End XCConfigurationList section */
	};
	rootObject = 2EF5D32A2D5AE40700CBB286 /* Project object */;
}
