// !$*UTF8*$!
{
	archiveVersion = 1;
	classes = {
	};
	objectVersion = 56;
	objects = {

/* Begin PBXBuildFile section */
		2E94F27329C5750B001601DB /* AppDelegate.m in Sources */ = {isa = PBXBuildFile; fileRef = 2E94F27229C5750B001601DB /* AppDelegate.m */; };
		2E94F27629C5750B001601DB /* ViewController.m in Sources */ = {isa = PBXBuildFile; fileRef = 2E94F27529C5750B001601DB /* ViewController.m */; };
		2E94F27B29C5750D001601DB /* Assets.xcassets in Resources */ = {isa = PBXBuildFile; fileRef = 2E94F27A29C5750D001601DB /* Assets.xcassets */; };
		2E94F27E29C5750D001601DB /* LaunchScreen.storyboard in Resources */ = {isa = PBXBuildFile; fileRef = 2E94F27C29C5750D001601DB /* LaunchScreen.storyboard */; };
		2E94F28129C5750D001601DB /* main.m in Sources */ = {isa = PBXBuildFile; fileRef = 2E94F28029C5750D001601DB /* main.m */; };
		2E94F28B29C5750D001601DB /* OCTemplateTests.m in Sources */ = {isa = PBXBuildFile; fileRef = 2E94F28A29C5750D001601DB /* OCTemplateTests.m */; };
		2E94F29529C5750D001601DB /* OCTemplateUITests.m in Sources */ = {isa = PBXBuildFile; fileRef = 2E94F29429C5750D001601DB /* OCTemplateUITests.m */; };
		2E94F29729C5750D001601DB /* OCTemplateUITestsLaunchTests.m in Sources */ = {isa = PBXBuildFile; fileRef = 2E94F29629C5750D001601DB /* OCTemplateUITestsLaunchTests.m */; };
		2E94F2A629C98F24001601DB /* UIScreen+VCHExtension.m in Sources */ = {isa = PBXBuildFile; fileRef = 2E94F2A529C98F23001601DB /* UIScreen+VCHExtension.m */; };
		2E94F2AB29C99284001601DB /* CALayer+VCHExtension.m in Sources */ = {isa = PBXBuildFile; fileRef = 2E94F2AA29C99284001601DB /* CALayer+VCHExtension.m */; };
		2EB72E1429D4476A00F5756A /* UIButton+VCHExtension.m in Sources */ = {isa = PBXBuildFile; fileRef = 2EB72E1329D4476A00F5756A /* UIButton+VCHExtension.m */; };
		2EB7AC4829DAD00D0075D337 /* VCHApp.m in Sources */ = {isa = PBXBuildFile; fileRef = 2EB7AC4729DAD00D0075D337 /* VCHApp.m */; };
/* End PBXBuildFile section */

/* Begin PBXContainerItemProxy section */
		2E94F28729C5750D001601DB /* PBXContainerItemProxy */ = {
			isa = PBXContainerItemProxy;
			containerPortal = 2E94F26629C5750B001601DB /* Project object */;
			proxyType = 1;
			remoteGlobalIDString = 2E94F26D29C5750B001601DB;
			remoteInfo = OCTemplate;
		};
		2E94F29129C5750D001601DB /* PBXContainerItemProxy */ = {
			isa = PBXContainerItemProxy;
			containerPortal = 2E94F26629C5750B001601DB /* Project object */;
			proxyType = 1;
			remoteGlobalIDString = 2E94F26D29C5750B001601DB;
			remoteInfo = OCTemplate;
		};
/* End PBXContainerItemProxy section */

/* Begin PBXFileReference section */
		2E94F26E29C5750B001601DB /* OCTemplate.app */ = {isa = PBXFileReference; explicitFileType = wrapper.application; includeInIndex = 0; path = OCTemplate.app; sourceTree = BUILT_PRODUCTS_DIR; };
		2E94F27129C5750B001601DB /* AppDelegate.h */ = {isa = PBXFileReference; lastKnownFileType = sourcecode.c.h; path = AppDelegate.h; sourceTree = "<group>"; };
		2E94F27229C5750B001601DB /* AppDelegate.m */ = {isa = PBXFileReference; lastKnownFileType = sourcecode.c.objc; path = AppDelegate.m; sourceTree = "<group>"; };
		2E94F27429C5750B001601DB /* ViewController.h */ = {isa = PBXFileReference; lastKnownFileType = sourcecode.c.h; path = ViewController.h; sourceTree = "<group>"; };
		2E94F27529C5750B001601DB /* ViewController.m */ = {isa = PBXFileReference; lastKnownFileType = sourcecode.c.objc; path = ViewController.m; sourceTree = "<group>"; };
		2E94F27A29C5750D001601DB /* Assets.xcassets */ = {isa = PBXFileReference; lastKnownFileType = folder.assetcatalog; path = Assets.xcassets; sourceTree = "<group>"; };
		2E94F27D29C5750D001601DB /* Base */ = {isa = PBXFileReference; lastKnownFileType = file.storyboard; name = Base; path = Base.lproj/LaunchScreen.storyboard; sourceTree = "<group>"; };
		2E94F27F29C5750D001601DB /* Info.plist */ = {isa = PBXFileReference; lastKnownFileType = text.plist.xml; path = Info.plist; sourceTree = "<group>"; };
		2E94F28029C5750D001601DB /* main.m */ = {isa = PBXFileReference; lastKnownFileType = sourcecode.c.objc; path = main.m; sourceTree = "<group>"; };
		2E94F28629C5750D001601DB /* OCTemplateTests.xctest */ = {isa = PBXFileReference; explicitFileType = wrapper.cfbundle; includeInIndex = 0; path = OCTemplateTests.xctest; sourceTree = BUILT_PRODUCTS_DIR; };
		2E94F28A29C5750D001601DB /* OCTemplateTests.m */ = {isa = PBXFileReference; lastKnownFileType = sourcecode.c.objc; path = OCTemplateTests.m; sourceTree = "<group>"; };
		2E94F29029C5750D001601DB /* OCTemplateUITests.xctest */ = {isa = PBXFileReference; explicitFileType = wrapper.cfbundle; includeInIndex = 0; path = OCTemplateUITests.xctest; sourceTree = BUILT_PRODUCTS_DIR; };
		2E94F29429C5750D001601DB /* OCTemplateUITests.m */ = {isa = PBXFileReference; lastKnownFileType = sourcecode.c.objc; path = OCTemplateUITests.m; sourceTree = "<group>"; };
		2E94F29629C5750D001601DB /* OCTemplateUITestsLaunchTests.m */ = {isa = PBXFileReference; lastKnownFileType = sourcecode.c.objc; path = OCTemplateUITestsLaunchTests.m; sourceTree = "<group>"; };
		2E94F2A429C98F23001601DB /* UIScreen+VCHExtension.h */ = {isa = PBXFileReference; lastKnownFileType = sourcecode.c.h; path = "UIScreen+VCHExtension.h"; sourceTree = "<group>"; };
		2E94F2A529C98F23001601DB /* UIScreen+VCHExtension.m */ = {isa = PBXFileReference; lastKnownFileType = sourcecode.c.objc; path = "UIScreen+VCHExtension.m"; sourceTree = "<group>"; };
		2E94F2A729C9904E001601DB /* PrefixHeader.pch */ = {isa = PBXFileReference; lastKnownFileType = sourcecode.c.h; path = PrefixHeader.pch; sourceTree = "<group>"; };
		2E94F2A929C99284001601DB /* CALayer+VCHExtension.h */ = {isa = PBXFileReference; lastKnownFileType = sourcecode.c.h; path = "CALayer+VCHExtension.h"; sourceTree = "<group>"; };
		2E94F2AA29C99284001601DB /* CALayer+VCHExtension.m */ = {isa = PBXFileReference; lastKnownFileType = sourcecode.c.objc; path = "CALayer+VCHExtension.m"; sourceTree = "<group>"; };
		2EB72E1229D4476A00F5756A /* UIButton+VCHExtension.h */ = {isa = PBXFileReference; lastKnownFileType = sourcecode.c.h; path = "UIButton+VCHExtension.h"; sourceTree = "<group>"; };
		2EB72E1329D4476A00F5756A /* UIButton+VCHExtension.m */ = {isa = PBXFileReference; lastKnownFileType = sourcecode.c.objc; path = "UIButton+VCHExtension.m"; sourceTree = "<group>"; };
		2EB7AC4629DAD00D0075D337 /* VCHApp.h */ = {isa = PBXFileReference; lastKnownFileType = sourcecode.c.h; path = VCHApp.h; sourceTree = "<group>"; };
		2EB7AC4729DAD00D0075D337 /* VCHApp.m */ = {isa = PBXFileReference; lastKnownFileType = sourcecode.c.objc; path = VCHApp.m; sourceTree = "<group>"; };
/* End PBXFileReference section */

/* Begin PBXFrameworksBuildPhase section */
		2E94F26B29C5750B001601DB /* Frameworks */ = {
			isa = PBXFrameworksBuildPhase;
			buildActionMask = 2147483647;
			files = (
			);
			runOnlyForDeploymentPostprocessing = 0;
		};
		2E94F28329C5750D001601DB /* Frameworks */ = {
			isa = PBXFrameworksBuildPhase;
			buildActionMask = 2147483647;
			files = (
			);
			runOnlyForDeploymentPostprocessing = 0;
		};
		2E94F28D29C5750D001601DB /* Frameworks */ = {
			isa = PBXFrameworksBuildPhase;
			buildActionMask = 2147483647;
			files = (
			);
			runOnlyForDeploymentPostprocessing = 0;
		};
/* End PBXFrameworksBuildPhase section */

/* Begin PBXGroup section */
		2E94F26529C5750B001601DB = {
			isa = PBXGroup;
			children = (
				2E94F27029C5750B001601DB /* OCTemplate */,
				2E94F28929C5750D001601DB /* OCTemplateTests */,
				2E94F29329C5750D001601DB /* OCTemplateUITests */,
				2E94F26F29C5750B001601DB /* Products */,
			);
			sourceTree = "<group>";
		};
		2E94F26F29C5750B001601DB /* Products */ = {
			isa = PBXGroup;
			children = (
				2E94F26E29C5750B001601DB /* OCTemplate.app */,
				2E94F28629C5750D001601DB /* OCTemplateTests.xctest */,
				2E94F29029C5750D001601DB /* OCTemplateUITests.xctest */,
			);
			name = Products;
			sourceTree = "<group>";
		};
		2E94F27029C5750B001601DB /* OCTemplate */ = {
			isa = PBXGroup;
			children = (
				2E94F2A829C9908F001601DB /* Application */,
				2E94F2A329C9867A001601DB /* Category */,
				2E94F27A29C5750D001601DB /* Assets.xcassets */,
				2E94F27C29C5750D001601DB /* LaunchScreen.storyboard */,
				2E94F27F29C5750D001601DB /* Info.plist */,
				2E94F28029C5750D001601DB /* main.m */,
				2E94F2A729C9904E001601DB /* PrefixHeader.pch */,
			);
			path = OCTemplate;
			sourceTree = "<group>";
		};
		2E94F28929C5750D001601DB /* OCTemplateTests */ = {
			isa = PBXGroup;
			children = (
				2E94F28A29C5750D001601DB /* OCTemplateTests.m */,
			);
			path = OCTemplateTests;
			sourceTree = "<group>";
		};
		2E94F29329C5750D001601DB /* OCTemplateUITests */ = {
			isa = PBXGroup;
			children = (
				2E94F29429C5750D001601DB /* OCTemplateUITests.m */,
				2E94F29629C5750D001601DB /* OCTemplateUITestsLaunchTests.m */,
			);
			path = OCTemplateUITests;
			sourceTree = "<group>";
		};
		2E94F2A329C9867A001601DB /* Category */ = {
			isa = PBXGroup;
			children = (
				2E94F2A429C98F23001601DB /* UIScreen+VCHExtension.h */,
				2E94F2A529C98F23001601DB /* UIScreen+VCHExtension.m */,
				2E94F2A929C99284001601DB /* CALayer+VCHExtension.h */,
				2E94F2AA29C99284001601DB /* CALayer+VCHExtension.m */,
				2EB72E1229D4476A00F5756A /* UIButton+VCHExtension.h */,
				2EB72E1329D4476A00F5756A /* UIButton+VCHExtension.m */,
			);
			path = Category;
			sourceTree = "<group>";
		};
		2E94F2A829C9908F001601DB /* Application */ = {
			isa = PBXGroup;
			children = (
				2E94F27129C5750B001601DB /* AppDelegate.h */,
				2E94F27229C5750B001601DB /* AppDelegate.m */,
				2E94F27429C5750B001601DB /* ViewController.h */,
				2E94F27529C5750B001601DB /* ViewController.m */,
				2EB7AC4629DAD00D0075D337 /* VCHApp.h */,
				2EB7AC4729DAD00D0075D337 /* VCHApp.m */,
			);
			path = Application;
			sourceTree = "<group>";
		};
/* End PBXGroup section */

/* Begin PBXNativeTarget section */
		2E94F26D29C5750B001601DB /* OCTemplate */ = {
			isa = PBXNativeTarget;
			buildConfigurationList = 2E94F29A29C5750D001601DB /* Build configuration list for PBXNativeTarget "OCTemplate" */;
			buildPhases = (
				2E94F26A29C5750B001601DB /* Sources */,
				2E94F26B29C5750B001601DB /* Frameworks */,
				2E94F26C29C5750B001601DB /* Resources */,
			);
			buildRules = (
			);
			dependencies = (
			);
			name = OCTemplate;
			productName = OCTemplate;
			productReference = 2E94F26E29C5750B001601DB /* OCTemplate.app */;
			productType = "com.apple.product-type.application";
		};
		2E94F28529C5750D001601DB /* OCTemplateTests */ = {
			isa = PBXNativeTarget;
			buildConfigurationList = 2E94F29D29C5750D001601DB /* Build configuration list for PBXNativeTarget "OCTemplateTests" */;
			buildPhases = (
				2E94F28229C5750D001601DB /* Sources */,
				2E94F28329C5750D001601DB /* Frameworks */,
				2E94F28429C5750D001601DB /* Resources */,
			);
			buildRules = (
			);
			dependencies = (
				2E94F28829C5750D001601DB /* PBXTargetDependency */,
			);
			name = OCTemplateTests;
			productName = OCTemplateTests;
			productReference = 2E94F28629C5750D001601DB /* OCTemplateTests.xctest */;
			productType = "com.apple.product-type.bundle.unit-test";
		};
		2E94F28F29C5750D001601DB /* OCTemplateUITests */ = {
			isa = PBXNativeTarget;
			buildConfigurationList = 2E94F2A029C5750D001601DB /* Build configuration list for PBXNativeTarget "OCTemplateUITests" */;
			buildPhases = (
				2E94F28C29C5750D001601DB /* Sources */,
				2E94F28D29C5750D001601DB /* Frameworks */,
				2E94F28E29C5750D001601DB /* Resources */,
			);
			buildRules = (
			);
			dependencies = (
				2E94F29229C5750D001601DB /* PBXTargetDependency */,
			);
			name = OCTemplateUITests;
			productName = OCTemplateUITests;
			productReference = 2E94F29029C5750D001601DB /* OCTemplateUITests.xctest */;
			productType = "com.apple.product-type.bundle.ui-testing";
		};
/* End PBXNativeTarget section */

/* Begin PBXProject section */
		2E94F26629C5750B001601DB /* Project object */ = {
			isa = PBXProject;
			attributes = {
				BuildIndependentTargetsInParallel = 1;
				LastUpgradeCheck = 1400;
				TargetAttributes = {
					2E94F26D29C5750B001601DB = {
						CreatedOnToolsVersion = 14.0.1;
					};
					2E94F28529C5750D001601DB = {
						CreatedOnToolsVersion = 14.0.1;
						TestTargetID = 2E94F26D29C5750B001601DB;
					};
					2E94F28F29C5750D001601DB = {
						CreatedOnToolsVersion = 14.0.1;
						TestTargetID = 2E94F26D29C5750B001601DB;
					};
				};
			};
			buildConfigurationList = 2E94F26929C5750B001601DB /* Build configuration list for PBXProject "OCTemplate" */;
			compatibilityVersion = "Xcode 14.0";
			developmentRegion = en;
			hasScannedForEncodings = 0;
			knownRegions = (
				en,
				Base,
			);
			mainGroup = 2E94F26529C5750B001601DB;
			productRefGroup = 2E94F26F29C5750B001601DB /* Products */;
			projectDirPath = "";
			projectRoot = "";
			targets = (
				2E94F26D29C5750B001601DB /* OCTemplate */,
				2E94F28529C5750D001601DB /* OCTemplateTests */,
				2E94F28F29C5750D001601DB /* OCTemplateUITests */,
			);
		};
/* End PBXProject section */

/* Begin PBXResourcesBuildPhase section */
		2E94F26C29C5750B001601DB /* Resources */ = {
			isa = PBXResourcesBuildPhase;
			buildActionMask = 2147483647;
			files = (
				2E94F27E29C5750D001601DB /* LaunchScreen.storyboard in Resources */,
				2E94F27B29C5750D001601DB /* Assets.xcassets in Resources */,
			);
			runOnlyForDeploymentPostprocessing = 0;
		};
		2E94F28429C5750D001601DB /* Resources */ = {
			isa = PBXResourcesBuildPhase;
			buildActionMask = 2147483647;
			files = (
			);
			runOnlyForDeploymentPostprocessing = 0;
		};
		2E94F28E29C5750D001601DB /* Resources */ = {
			isa = PBXResourcesBuildPhase;
			buildActionMask = 2147483647;
			files = (
			);
			runOnlyForDeploymentPostprocessing = 0;
		};
/* End PBXResourcesBuildPhase section */

/* Begin PBXSourcesBuildPhase section */
		2E94F26A29C5750B001601DB /* Sources */ = {
			isa = PBXSourcesBuildPhase;
			buildActionMask = 2147483647;
			files = (
				2E94F27629C5750B001601DB /* ViewController.m in Sources */,
				2EB72E1429D4476A00F5756A /* UIButton+VCHExtension.m in Sources */,
				2E94F2A629C98F24001601DB /* UIScreen+VCHExtension.m in Sources */,
				2E94F28129C5750D001601DB /* main.m in Sources */,
				2EB7AC4829DAD00D0075D337 /* VCHApp.m in Sources */,
				2E94F27329C5750B001601DB /* AppDelegate.m in Sources */,
				2E94F2AB29C99284001601DB /* CALayer+VCHExtension.m in Sources */,
			);
			runOnlyForDeploymentPostprocessing = 0;
		};
		2E94F28229C5750D001601DB /* Sources */ = {
			isa = PBXSourcesBuildPhase;
			buildActionMask = 2147483647;
			files = (
				2E94F28B29C5750D001601DB /* OCTemplateTests.m in Sources */,
			);
			runOnlyForDeploymentPostprocessing = 0;
		};
		2E94F28C29C5750D001601DB /* Sources */ = {
			isa = PBXSourcesBuildPhase;
			buildActionMask = 2147483647;
			files = (
				2E94F29729C5750D001601DB /* OCTemplateUITestsLaunchTests.m in Sources */,
				2E94F29529C5750D001601DB /* OCTemplateUITests.m in Sources */,
			);
			runOnlyForDeploymentPostprocessing = 0;
		};
/* End PBXSourcesBuildPhase section */

/* Begin PBXTargetDependency section */
		2E94F28829C5750D001601DB /* PBXTargetDependency */ = {
			isa = PBXTargetDependency;
			target = 2E94F26D29C5750B001601DB /* OCTemplate */;
			targetProxy = 2E94F28729C5750D001601DB /* PBXContainerItemProxy */;
		};
		2E94F29229C5750D001601DB /* PBXTargetDependency */ = {
			isa = PBXTargetDependency;
			target = 2E94F26D29C5750B001601DB /* OCTemplate */;
			targetProxy = 2E94F29129C5750D001601DB /* PBXContainerItemProxy */;
		};
/* End PBXTargetDependency section */

/* Begin PBXVariantGroup section */
		2E94F27C29C5750D001601DB /* LaunchScreen.storyboard */ = {
			isa = PBXVariantGroup;
			children = (
				2E94F27D29C5750D001601DB /* Base */,
			);
			name = LaunchScreen.storyboard;
			sourceTree = "<group>";
		};
/* End PBXVariantGroup section */

/* Begin XCBuildConfiguration section */
		2E94F29829C5750D001601DB /* Debug */ = {
			isa = XCBuildConfiguration;
			buildSettings = {
				ALWAYS_SEARCH_USER_PATHS = NO;
				CLANG_ANALYZER_NONNULL = YES;
				CLANG_ANALYZER_NUMBER_OBJECT_CONVERSION = YES_AGGRESSIVE;
				CLANG_CXX_LANGUAGE_STANDARD = "gnu++20";
				CLANG_ENABLE_MODULES = YES;
				CLANG_ENABLE_OBJC_ARC = YES;
				CLANG_ENABLE_OBJC_WEAK = YES;
				CLANG_WARN_BLOCK_CAPTURE_AUTORELEASING = YES;
				CLANG_WARN_BOOL_CONVERSION = YES;
				CLANG_WARN_COMMA = YES;
				CLANG_WARN_CONSTANT_CONVERSION = YES;
				CLANG_WARN_DEPRECATED_OBJC_IMPLEMENTATIONS = YES;
				CLANG_WARN_DIRECT_OBJC_ISA_USAGE = YES_ERROR;
				CLANG_WARN_DOCUMENTATION_COMMENTS = YES;
				CLANG_WARN_EMPTY_BODY = YES;
				CLANG_WARN_ENUM_CONVERSION = YES;
				CLANG_WARN_INFINITE_RECURSION = YES;
				CLANG_WARN_INT_CONVERSION = YES;
				CLANG_WARN_NON_LITERAL_NULL_CONVERSION = YES;
				CLANG_WARN_OBJC_IMPLICIT_RETAIN_SELF = YES;
				CLANG_WARN_OBJC_LITERAL_CONVERSION = YES;
				CLANG_WARN_OBJC_ROOT_CLASS = YES_ERROR;
				CLANG_WARN_QUOTED_INCLUDE_IN_FRAMEWORK_HEADER = YES;
				CLANG_WARN_RANGE_LOOP_ANALYSIS = YES;
				CLANG_WARN_STRICT_PROTOTYPES = YES;
				CLANG_WARN_SUSPICIOUS_MOVE = YES;
				CLANG_WARN_UNGUARDED_AVAILABILITY = YES_AGGRESSIVE;
				CLANG_WARN_UNREACHABLE_CODE = YES;
				CLANG_WARN__DUPLICATE_METHOD_MATCH = YES;
				COPY_PHASE_STRIP = NO;
				DEBUG_INFORMATION_FORMAT = dwarf;
				ENABLE_STRICT_OBJC_MSGSEND = YES;
				ENABLE_TESTABILITY = YES;
				GCC_C_LANGUAGE_STANDARD = gnu11;
				GCC_DYNAMIC_NO_PIC = NO;
				GCC_NO_COMMON_BLOCKS = YES;
				GCC_OPTIMIZATION_LEVEL = 0;
				GCC_PREPROCESSOR_DEFINITIONS = (
					"DEBUG=1",
					"$(inherited)",
				);
				GCC_WARN_64_TO_32_BIT_CONVERSION = YES;
				GCC_WARN_ABOUT_RETURN_TYPE = YES_ERROR;
				GCC_WARN_UNDECLARED_SELECTOR = YES;
				GCC_WARN_UNINITIALIZED_AUTOS = YES_AGGRESSIVE;
				GCC_WARN_UNUSED_FUNCTION = YES;
				GCC_WARN_UNUSED_VARIABLE = YES;
				IPHONEOS_DEPLOYMENT_TARGET = 16.0;
				MTL_ENABLE_DEBUG_INFO = INCLUDE_SOURCE;
				MTL_FAST_MATH = YES;
				ONLY_ACTIVE_ARCH = YES;
				SDKROOT = iphoneos;
			};
			name = Debug;
		};
		2E94F29929C5750D001601DB /* Release */ = {
			isa = XCBuildConfiguration;
			buildSettings = {
				ALWAYS_SEARCH_USER_PATHS = NO;
				CLANG_ANALYZER_NONNULL = YES;
				CLANG_ANALYZER_NUMBER_OBJECT_CONVERSION = YES_AGGRESSIVE;
				CLANG_CXX_LANGUAGE_STANDARD = "gnu++20";
				CLANG_ENABLE_MODULES = YES;
				CLANG_ENABLE_OBJC_ARC = YES;
				CLANG_ENABLE_OBJC_WEAK = YES;
				CLANG_WARN_BLOCK_CAPTURE_AUTORELEASING = YES;
				CLANG_WARN_BOOL_CONVERSION = YES;
				CLANG_WARN_COMMA = YES;
				CLANG_WARN_CONSTANT_CONVERSION = YES;
				CLANG_WARN_DEPRECATED_OBJC_IMPLEMENTATIONS = YES;
				CLANG_WARN_DIRECT_OBJC_ISA_USAGE = YES_ERROR;
				CLANG_WARN_DOCUMENTATION_COMMENTS = YES;
				CLANG_WARN_EMPTY_BODY = YES;
				CLANG_WARN_ENUM_CONVERSION = YES;
				CLANG_WARN_INFINITE_RECURSION = YES;
				CLANG_WARN_INT_CONVERSION = YES;
				CLANG_WARN_NON_LITERAL_NULL_CONVERSION = YES;
				CLANG_WARN_OBJC_IMPLICIT_RETAIN_SELF = YES;
				CLANG_WARN_OBJC_LITERAL_CONVERSION = YES;
				CLANG_WARN_OBJC_ROOT_CLASS = YES_ERROR;
				CLANG_WARN_QUOTED_INCLUDE_IN_FRAMEWORK_HEADER = YES;
				CLANG_WARN_RANGE_LOOP_ANALYSIS = YES;
				CLANG_WARN_STRICT_PROTOTYPES = YES;
				CLANG_WARN_SUSPICIOUS_MOVE = YES;
				CLANG_WARN_UNGUARDED_AVAILABILITY = YES_AGGRESSIVE;
				CLANG_WARN_UNREACHABLE_CODE = YES;
				CLANG_WARN__DUPLICATE_METHOD_MATCH = YES;
				COPY_PHASE_STRIP = NO;
				DEBUG_INFORMATION_FORMAT = "dwarf-with-dsym";
				ENABLE_NS_ASSERTIONS = NO;
				ENABLE_STRICT_OBJC_MSGSEND = YES;
				GCC_C_LANGUAGE_STANDARD = gnu11;
				GCC_NO_COMMON_BLOCKS = YES;
				GCC_WARN_64_TO_32_BIT_CONVERSION = YES;
				GCC_WARN_ABOUT_RETURN_TYPE = YES_ERROR;
				GCC_WARN_UNDECLARED_SELECTOR = YES;
				GCC_WARN_UNINITIALIZED_AUTOS = YES_AGGRESSIVE;
				GCC_WARN_UNUSED_FUNCTION = YES;
				GCC_WARN_UNUSED_VARIABLE = YES;
				IPHONEOS_DEPLOYMENT_TARGET = 16.0;
				MTL_ENABLE_DEBUG_INFO = NO;
				MTL_FAST_MATH = YES;
				SDKROOT = iphoneos;
				VALIDATE_PRODUCT = YES;
			};
			name = Release;
		};
		2E94F29B29C5750D001601DB /* Debug */ = {
			isa = XCBuildConfiguration;
			buildSettings = {
				ASSETCATALOG_COMPILER_APPICON_NAME = AppIcon;
				ASSETCATALOG_COMPILER_GLOBAL_ACCENT_COLOR_NAME = AccentColor;
				CODE_SIGN_STYLE = Automatic;
				CURRENT_PROJECT_VERSION = 1;
				DEVELOPMENT_TEAM = XB9QC8RL2F;
				GCC_INCREASE_PRECOMPILED_HEADER_SHARING = NO;
				GCC_PRECOMPILE_PREFIX_HEADER = YES;
				GCC_PREFIX_HEADER = "$(SRCROOT)/OCTemplate/PrefixHeader.pch";
				GENERATE_INFOPLIST_FILE = YES;
				INFOPLIST_KEY_UIApplicationSupportsIndirectInputEvents = YES;
				INFOPLIST_KEY_UILaunchStoryboardName = LaunchScreen;
				INFOPLIST_KEY_UISupportedInterfaceOrientations_iPad = "UIInterfaceOrientationPortrait UIInterfaceOrientationPortraitUpsideDown UIInterfaceOrientationLandscapeLeft UIInterfaceOrientationLandscapeRight";
				INFOPLIST_KEY_UISupportedInterfaceOrientations_iPhone = "UIInterfaceOrientationPortrait UIInterfaceOrientationLandscapeLeft UIInterfaceOrientationLandscapeRight";
				IPHONEOS_DEPLOYMENT_TARGET = 11.0;
				LD_RUNPATH_SEARCH_PATHS = (
					"$(inherited)",
					"@executable_path/Frameworks",
				);
				MARKETING_VERSION = 1.0.0;
				PRODUCT_BUNDLE_IDENTIFIER = com.vhuichen.OCTemplate;
				PRODUCT_NAME = "$(TARGET_NAME)";
				SWIFT_EMIT_LOC_STRINGS = YES;
				TARGETED_DEVICE_FAMILY = "1,2";
			};
			name = Debug;
		};
		2E94F29C29C5750D001601DB /* Release */ = {
			isa = XCBuildConfiguration;
			buildSettings = {
				ASSETCATALOG_COMPILER_APPICON_NAME = AppIcon;
				ASSETCATALOG_COMPILER_GLOBAL_ACCENT_COLOR_NAME = AccentColor;
				CODE_SIGN_STYLE = Automatic;
				CURRENT_PROJECT_VERSION = 1;
				DEVELOPMENT_TEAM = XB9QC8RL2F;
				GCC_INCREASE_PRECOMPILED_HEADER_SHARING = NO;
				GCC_PRECOMPILE_PREFIX_HEADER = YES;
				GCC_PREFIX_HEADER = "$(SRCROOT)/OCTemplate/PrefixHeader.pch";
				GENERATE_INFOPLIST_FILE = YES;
				INFOPLIST_KEY_UIApplicationSupportsIndirectInputEvents = YES;
				INFOPLIST_KEY_UILaunchStoryboardName = LaunchScreen;
				INFOPLIST_KEY_UISupportedInterfaceOrientations_iPad = "UIInterfaceOrientationPortrait UIInterfaceOrientationPortraitUpsideDown UIInterfaceOrientationLandscapeLeft UIInterfaceOrientationLandscapeRight";
				INFOPLIST_KEY_UISupportedInterfaceOrientations_iPhone = "UIInterfaceOrientationPortrait UIInterfaceOrientationLandscapeLeft UIInterfaceOrientationLandscapeRight";
				IPHONEOS_DEPLOYMENT_TARGET = 11.0;
				LD_RUNPATH_SEARCH_PATHS = (
					"$(inherited)",
					"@executable_path/Frameworks",
				);
				MARKETING_VERSION = 1.0.0;
				PRODUCT_BUNDLE_IDENTIFIER = com.vhuichen.OCTemplate;
				PRODUCT_NAME = "$(TARGET_NAME)";
				SWIFT_EMIT_LOC_STRINGS = YES;
				TARGETED_DEVICE_FAMILY = "1,2";
			};
			name = Release;
		};
		2E94F29E29C5750D001601DB /* Debug */ = {
			isa = XCBuildConfiguration;
			buildSettings = {
				BUNDLE_LOADER = "$(TEST_HOST)";
				CODE_SIGN_STYLE = Automatic;
				CURRENT_PROJECT_VERSION = 1;
				DEVELOPMENT_TEAM = XB9QC8RL2F;
				GENERATE_INFOPLIST_FILE = YES;
				IPHONEOS_DEPLOYMENT_TARGET = 16.0;
				MARKETING_VERSION = 1.0;
				PRODUCT_BUNDLE_IDENTIFIER = com.vhuichen.OCTemplateTests;
				PRODUCT_NAME = "$(TARGET_NAME)";
				SWIFT_EMIT_LOC_STRINGS = NO;
				TARGETED_DEVICE_FAMILY = "1,2";
				TEST_HOST = "$(BUILT_PRODUCTS_DIR)/OCTemplate.app/$(BUNDLE_EXECUTABLE_FOLDER_PATH)/OCTemplate";
			};
			name = Debug;
		};
		2E94F29F29C5750D001601DB /* Release */ = {
			isa = XCBuildConfiguration;
			buildSettings = {
				BUNDLE_LOADER = "$(TEST_HOST)";
				CODE_SIGN_STYLE = Automatic;
				CURRENT_PROJECT_VERSION = 1;
				DEVELOPMENT_TEAM = XB9QC8RL2F;
				GENERATE_INFOPLIST_FILE = YES;
				IPHONEOS_DEPLOYMENT_TARGET = 16.0;
				MARKETING_VERSION = 1.0;
				PRODUCT_BUNDLE_IDENTIFIER = com.vhuichen.OCTemplateTests;
				PRODUCT_NAME = "$(TARGET_NAME)";
				SWIFT_EMIT_LOC_STRINGS = NO;
				TARGETED_DEVICE_FAMILY = "1,2";
				TEST_HOST = "$(BUILT_PRODUCTS_DIR)/OCTemplate.app/$(BUNDLE_EXECUTABLE_FOLDER_PATH)/OCTemplate";
			};
			name = Release;
		};
		2E94F2A129C5750D001601DB /* Debug */ = {
			isa = XCBuildConfiguration;
			buildSettings = {
				CODE_SIGN_STYLE = Automatic;
				CURRENT_PROJECT_VERSION = 1;
				DEVELOPMENT_TEAM = XB9QC8RL2F;
				GENERATE_INFOPLIST_FILE = YES;
				MARKETING_VERSION = 1.0;
				PRODUCT_BUNDLE_IDENTIFIER = com.vhuichen.OCTemplateUITests;
				PRODUCT_NAME = "$(TARGET_NAME)";
				SWIFT_EMIT_LOC_STRINGS = NO;
				TARGETED_DEVICE_FAMILY = "1,2";
				TEST_TARGET_NAME = OCTemplate;
			};
			name = Debug;
		};
		2E94F2A229C5750D001601DB /* Release */ = {
			isa = XCBuildConfiguration;
			buildSettings = {
				CODE_SIGN_STYLE = Automatic;
				CURRENT_PROJECT_VERSION = 1;
				DEVELOPMENT_TEAM = XB9QC8RL2F;
				GENERATE_INFOPLIST_FILE = YES;
				MARKETING_VERSION = 1.0;
				PRODUCT_BUNDLE_IDENTIFIER = com.vhuichen.OCTemplateUITests;
				PRODUCT_NAME = "$(TARGET_NAME)";
				SWIFT_EMIT_LOC_STRINGS = NO;
				TARGETED_DEVICE_FAMILY = "1,2";
				TEST_TARGET_NAME = OCTemplate;
			};
			name = Release;
		};
/* End XCBuildConfiguration section */

/* Begin XCConfigurationList section */
		2E94F26929C5750B001601DB /* Build configuration list for PBXProject "OCTemplate" */ = {
			isa = XCConfigurationList;
			buildConfigurations = (
				2E94F29829C5750D001601DB /* Debug */,
				2E94F29929C5750D001601DB /* Release */,
			);
			defaultConfigurationIsVisible = 0;
			defaultConfigurationName = Release;
		};
		2E94F29A29C5750D001601DB /* Build configuration list for PBXNativeTarget "OCTemplate" */ = {
			isa = XCConfigurationList;
			buildConfigurations = (
				2E94F29B29C5750D001601DB /* Debug */,
				2E94F29C29C5750D001601DB /* Release */,
			);
			defaultConfigurationIsVisible = 0;
			defaultConfigurationName = Release;
		};
		2E94F29D29C5750D001601DB /* Build configuration list for PBXNativeTarget "OCTemplateTests" */ = {
			isa = XCConfigurationList;
			buildConfigurations = (
				2E94F29E29C5750D001601DB /* Debug */,
				2E94F29F29C5750D001601DB /* Release */,
			);
			defaultConfigurationIsVisible = 0;
			defaultConfigurationName = Release;
		};
		2E94F2A029C5750D001601DB /* Build configuration list for PBXNativeTarget "OCTemplateUITests" */ = {
			isa = XCConfigurationList;
			buildConfigurations = (
				2E94F2A129C5750D001601DB /* Debug */,
				2E94F2A229C5750D001601DB /* Release */,
			);
			defaultConfigurationIsVisible = 0;
			defaultConfigurationName = Release;
		};
/* End XCConfigurationList section */
	};
	rootObject = 2E94F26629C5750B001601DB /* Project object */;
}
