// !$*UTF8*$!
{
	archiveVersion = 1;
	classes = {
	};
	objectVersion = 56;
	objects = {

/* Begin PBXBuildFile section */
		0191DC594EE05F94D40E5D2D /* libPods-SwiftUIDemo.a in Frameworks */ = {isa = PBXBuildFile; fileRef = D6C9789A483264704FB78581 /* libPods-SwiftUIDemo.a */; };
		2EB3D9872C56A34500720D9F /* TestView.swift in Sources */ = {isa = PBXBuildFile; fileRef = 2EB3D9862C56A34500720D9F /* TestView.swift */; };
		2EB3D9892C5E172800720D9F /* TabView.swift in Sources */ = {isa = PBXBuildFile; fileRef = 2EB3D9882C5E172800720D9F /* TabView.swift */; };
		2EB3D98B2C5E2B2B00720D9F /* TempExample.swift in Sources */ = {isa = PBXBuildFile; fileRef = 2EB3D98A2C5E2B2B00720D9F /* TempExample.swift */; };
		2EB3D98E2C5F647000720D9F /* StateObject.swift in Sources */ = {isa = PBXBuildFile; fileRef = 2EB3D98D2C5F647000720D9F /* StateObject.swift */; };
		2EB3D9902C5F653400720D9F /* ObservedObject.swift in Sources */ = {isa = PBXBuildFile; fileRef = 2EB3D98F2C5F653400720D9F /* ObservedObject.swift */; };
		2EC624D22C54C14B007DDD60 /* SwiftUIDemoApp.swift in Sources */ = {isa = PBXBuildFile; fileRef = 2EC624D12C54C14B007DDD60 /* SwiftUIDemoApp.swift */; };
		2EC624D42C54C14B007DDD60 /* Stack.swift in Sources */ = {isa = PBXBuildFile; fileRef = 2EC624D32C54C14B007DDD60 /* Stack.swift */; };
		2EC624D62C54C14D007DDD60 /* Assets.xcassets in Resources */ = {isa = PBXBuildFile; fileRef = 2EC624D52C54C14D007DDD60 /* Assets.xcassets */; };
		2EC624D92C54C14D007DDD60 /* Preview Assets.xcassets in Resources */ = {isa = PBXBuildFile; fileRef = 2EC624D82C54C14D007DDD60 /* Preview Assets.xcassets */; };
		2EC624E32C54C14D007DDD60 /* SwiftUIDemoTests.swift in Sources */ = {isa = PBXBuildFile; fileRef = 2EC624E22C54C14D007DDD60 /* SwiftUIDemoTests.swift */; };
		2EC624ED2C54C14D007DDD60 /* SwiftUIDemoUITests.swift in Sources */ = {isa = PBXBuildFile; fileRef = 2EC624EC2C54C14D007DDD60 /* SwiftUIDemoUITests.swift */; };
		2EC624EF2C54C14D007DDD60 /* SwiftUIDemoUITestsLaunchTests.swift in Sources */ = {isa = PBXBuildFile; fileRef = 2EC624EE2C54C14D007DDD60 /* SwiftUIDemoUITestsLaunchTests.swift */; };
		2EC625002C54EE9E007DDD60 /* List.swift in Sources */ = {isa = PBXBuildFile; fileRef = 2EC624FF2C54EE9E007DDD60 /* List.swift */; };
/* End PBXBuildFile section */

/* Begin PBXContainerItemProxy section */
		2EC624DF2C54C14D007DDD60 /* PBXContainerItemProxy */ = {
			isa = PBXContainerItemProxy;
			containerPortal = 2EC624C62C54C14B007DDD60 /* Project object */;
			proxyType = 1;
			remoteGlobalIDString = 2EC624CD2C54C14B007DDD60;
			remoteInfo = SwiftUIDemo;
		};
		2EC624E92C54C14D007DDD60 /* PBXContainerItemProxy */ = {
			isa = PBXContainerItemProxy;
			containerPortal = 2EC624C62C54C14B007DDD60 /* Project object */;
			proxyType = 1;
			remoteGlobalIDString = 2EC624CD2C54C14B007DDD60;
			remoteInfo = SwiftUIDemo;
		};
/* End PBXContainerItemProxy section */

/* Begin PBXFileReference section */
		2EB3D9862C56A34500720D9F /* TestView.swift */ = {isa = PBXFileReference; lastKnownFileType = sourcecode.swift; path = TestView.swift; sourceTree = "<group>"; };
		2EB3D9882C5E172800720D9F /* TabView.swift */ = {isa = PBXFileReference; lastKnownFileType = sourcecode.swift; path = TabView.swift; sourceTree = "<group>"; };
		2EB3D98A2C5E2B2B00720D9F /* TempExample.swift */ = {isa = PBXFileReference; lastKnownFileType = sourcecode.swift; path = TempExample.swift; sourceTree = "<group>"; };
		2EB3D98D2C5F647000720D9F /* StateObject.swift */ = {isa = PBXFileReference; lastKnownFileType = sourcecode.swift; path = StateObject.swift; sourceTree = "<group>"; };
		2EB3D98F2C5F653400720D9F /* ObservedObject.swift */ = {isa = PBXFileReference; lastKnownFileType = sourcecode.swift; path = ObservedObject.swift; sourceTree = "<group>"; };
		2EC624CE2C54C14B007DDD60 /* SwiftUIDemo.app */ = {isa = PBXFileReference; explicitFileType = wrapper.application; includeInIndex = 0; path = SwiftUIDemo.app; sourceTree = BUILT_PRODUCTS_DIR; };
		2EC624D12C54C14B007DDD60 /* SwiftUIDemoApp.swift */ = {isa = PBXFileReference; lastKnownFileType = sourcecode.swift; path = SwiftUIDemoApp.swift; sourceTree = "<group>"; };
		2EC624D32C54C14B007DDD60 /* Stack.swift */ = {isa = PBXFileReference; lastKnownFileType = sourcecode.swift; path = Stack.swift; sourceTree = "<group>"; };
		2EC624D52C54C14D007DDD60 /* Assets.xcassets */ = {isa = PBXFileReference; lastKnownFileType = folder.assetcatalog; path = Assets.xcassets; sourceTree = "<group>"; };
		2EC624D82C54C14D007DDD60 /* Preview Assets.xcassets */ = {isa = PBXFileReference; lastKnownFileType = folder.assetcatalog; path = "Preview Assets.xcassets"; sourceTree = "<group>"; };
		2EC624DE2C54C14D007DDD60 /* SwiftUIDemoTests.xctest */ = {isa = PBXFileReference; explicitFileType = wrapper.cfbundle; includeInIndex = 0; path = SwiftUIDemoTests.xctest; sourceTree = BUILT_PRODUCTS_DIR; };
		2EC624E22C54C14D007DDD60 /* SwiftUIDemoTests.swift */ = {isa = PBXFileReference; lastKnownFileType = sourcecode.swift; path = SwiftUIDemoTests.swift; sourceTree = "<group>"; };
		2EC624E82C54C14D007DDD60 /* SwiftUIDemoUITests.xctest */ = {isa = PBXFileReference; explicitFileType = wrapper.cfbundle; includeInIndex = 0; path = SwiftUIDemoUITests.xctest; sourceTree = BUILT_PRODUCTS_DIR; };
		2EC624EC2C54C14D007DDD60 /* SwiftUIDemoUITests.swift */ = {isa = PBXFileReference; lastKnownFileType = sourcecode.swift; path = SwiftUIDemoUITests.swift; sourceTree = "<group>"; };
		2EC624EE2C54C14D007DDD60 /* SwiftUIDemoUITestsLaunchTests.swift */ = {isa = PBXFileReference; lastKnownFileType = sourcecode.swift; path = SwiftUIDemoUITestsLaunchTests.swift; sourceTree = "<group>"; };
		2EC624FF2C54EE9E007DDD60 /* List.swift */ = {isa = PBXFileReference; lastKnownFileType = sourcecode.swift; path = List.swift; sourceTree = "<group>"; };
		8C5E50F5E4471F240092310B /* Pods-SwiftUIDemo.release.xcconfig */ = {isa = PBXFileReference; includeInIndex = 1; lastKnownFileType = text.xcconfig; name = "Pods-SwiftUIDemo.release.xcconfig"; path = "Target Support Files/Pods-SwiftUIDemo/Pods-SwiftUIDemo.release.xcconfig"; sourceTree = "<group>"; };
		985844AF7ADC1E25CDA5B0AA /* Pods-SwiftUIDemo.debug.xcconfig */ = {isa = PBXFileReference; includeInIndex = 1; lastKnownFileType = text.xcconfig; name = "Pods-SwiftUIDemo.debug.xcconfig"; path = "Target Support Files/Pods-SwiftUIDemo/Pods-SwiftUIDemo.debug.xcconfig"; sourceTree = "<group>"; };
		D6C9789A483264704FB78581 /* libPods-SwiftUIDemo.a */ = {isa = PBXFileReference; explicitFileType = archive.ar; includeInIndex = 0; path = "libPods-SwiftUIDemo.a"; sourceTree = BUILT_PRODUCTS_DIR; };
/* End PBXFileReference section */

/* Begin PBXFrameworksBuildPhase section */
		2EC624CB2C54C14B007DDD60 /* Frameworks */ = {
			isa = PBXFrameworksBuildPhase;
			buildActionMask = 2147483647;
			files = (
				0191DC594EE05F94D40E5D2D /* libPods-SwiftUIDemo.a in Frameworks */,
			);
			runOnlyForDeploymentPostprocessing = 0;
		};
		2EC624DB2C54C14D007DDD60 /* Frameworks */ = {
			isa = PBXFrameworksBuildPhase;
			buildActionMask = 2147483647;
			files = (
			);
			runOnlyForDeploymentPostprocessing = 0;
		};
		2EC624E52C54C14D007DDD60 /* Frameworks */ = {
			isa = PBXFrameworksBuildPhase;
			buildActionMask = 2147483647;
			files = (
			);
			runOnlyForDeploymentPostprocessing = 0;
		};
/* End PBXFrameworksBuildPhase section */

/* Begin PBXGroup section */
		04D3D85723B98C58B102277F /* Frameworks */ = {
			isa = PBXGroup;
			children = (
				D6C9789A483264704FB78581 /* libPods-SwiftUIDemo.a */,
			);
			name = Frameworks;
			sourceTree = "<group>";
		};
		2EB3D98C2C5F640900720D9F /* 属性包装器 */ = {
			isa = PBXGroup;
			children = (
				2EB3D98D2C5F647000720D9F /* StateObject.swift */,
				2EB3D98F2C5F653400720D9F /* ObservedObject.swift */,
			);
			path = "属性包装器";
			sourceTree = "<group>";
		};
		2EC624C52C54C14B007DDD60 = {
			isa = PBXGroup;
			children = (
				2EC624D02C54C14B007DDD60 /* SwiftUIDemo */,
				2EC624E12C54C14D007DDD60 /* SwiftUIDemoTests */,
				2EC624EB2C54C14D007DDD60 /* SwiftUIDemoUITests */,
				2EC624CF2C54C14B007DDD60 /* Products */,
				77CC1331B29DA3917BFD1DD5 /* Pods */,
				04D3D85723B98C58B102277F /* Frameworks */,
			);
			sourceTree = "<group>";
		};
		2EC624CF2C54C14B007DDD60 /* Products */ = {
			isa = PBXGroup;
			children = (
				2EC624CE2C54C14B007DDD60 /* SwiftUIDemo.app */,
				2EC624DE2C54C14D007DDD60 /* SwiftUIDemoTests.xctest */,
				2EC624E82C54C14D007DDD60 /* SwiftUIDemoUITests.xctest */,
			);
			name = Products;
			sourceTree = "<group>";
		};
		2EC624D02C54C14B007DDD60 /* SwiftUIDemo */ = {
			isa = PBXGroup;
			children = (
				2EB3D98A2C5E2B2B00720D9F /* TempExample.swift */,
				2EB3D9862C56A34500720D9F /* TestView.swift */,
				2EC624D12C54C14B007DDD60 /* SwiftUIDemoApp.swift */,
				2EB3D98C2C5F640900720D9F /* 属性包装器 */,
				2EC624FE2C54EE6A007DDD60 /* 布局 */,
				2EC624D52C54C14D007DDD60 /* Assets.xcassets */,
				2EC624D72C54C14D007DDD60 /* Preview Content */,
			);
			path = SwiftUIDemo;
			sourceTree = "<group>";
		};
		2EC624D72C54C14D007DDD60 /* Preview Content */ = {
			isa = PBXGroup;
			children = (
				2EC624D82C54C14D007DDD60 /* Preview Assets.xcassets */,
			);
			path = "Preview Content";
			sourceTree = "<group>";
		};
		2EC624E12C54C14D007DDD60 /* SwiftUIDemoTests */ = {
			isa = PBXGroup;
			children = (
				2EC624E22C54C14D007DDD60 /* SwiftUIDemoTests.swift */,
			);
			path = SwiftUIDemoTests;
			sourceTree = "<group>";
		};
		2EC624EB2C54C14D007DDD60 /* SwiftUIDemoUITests */ = {
			isa = PBXGroup;
			children = (
				2EC624EC2C54C14D007DDD60 /* SwiftUIDemoUITests.swift */,
				2EC624EE2C54C14D007DDD60 /* SwiftUIDemoUITestsLaunchTests.swift */,
			);
			path = SwiftUIDemoUITests;
			sourceTree = "<group>";
		};
		2EC624FE2C54EE6A007DDD60 /* 布局 */ = {
			isa = PBXGroup;
			children = (
				2EC624FF2C54EE9E007DDD60 /* List.swift */,
				2EC624D32C54C14B007DDD60 /* Stack.swift */,
				2EB3D9882C5E172800720D9F /* TabView.swift */,
			);
			path = "布局";
			sourceTree = "<group>";
		};
		77CC1331B29DA3917BFD1DD5 /* Pods */ = {
			isa = PBXGroup;
			children = (
				985844AF7ADC1E25CDA5B0AA /* Pods-SwiftUIDemo.debug.xcconfig */,
				8C5E50F5E4471F240092310B /* Pods-SwiftUIDemo.release.xcconfig */,
			);
			name = Pods;
			path = ../Pods;
			sourceTree = "<group>";
		};
/* End PBXGroup section */

/* Begin PBXNativeTarget section */
		2EC624CD2C54C14B007DDD60 /* SwiftUIDemo */ = {
			isa = PBXNativeTarget;
			buildConfigurationList = 2EC624F22C54C14D007DDD60 /* Build configuration list for PBXNativeTarget "SwiftUIDemo" */;
			buildPhases = (
				DB7FE98B5359FB0EF07B70DA /* [CP] Check Pods Manifest.lock */,
				2EC624CA2C54C14B007DDD60 /* Sources */,
				2EC624CB2C54C14B007DDD60 /* Frameworks */,
				2EC624CC2C54C14B007DDD60 /* Resources */,
				2EB3D9832C562AD300720D9F /* ShellScript */,
			);
			buildRules = (
			);
			dependencies = (
			);
			name = SwiftUIDemo;
			productName = SwiftUIDemo;
			productReference = 2EC624CE2C54C14B007DDD60 /* SwiftUIDemo.app */;
			productType = "com.apple.product-type.application";
		};
		2EC624DD2C54C14D007DDD60 /* SwiftUIDemoTests */ = {
			isa = PBXNativeTarget;
			buildConfigurationList = 2EC624F52C54C14D007DDD60 /* Build configuration list for PBXNativeTarget "SwiftUIDemoTests" */;
			buildPhases = (
				2EC624DA2C54C14D007DDD60 /* Sources */,
				2EC624DB2C54C14D007DDD60 /* Frameworks */,
				2EC624DC2C54C14D007DDD60 /* Resources */,
			);
			buildRules = (
			);
			dependencies = (
				2EC624E02C54C14D007DDD60 /* PBXTargetDependency */,
			);
			name = SwiftUIDemoTests;
			productName = SwiftUIDemoTests;
			productReference = 2EC624DE2C54C14D007DDD60 /* SwiftUIDemoTests.xctest */;
			productType = "com.apple.product-type.bundle.unit-test";
		};
		2EC624E72C54C14D007DDD60 /* SwiftUIDemoUITests */ = {
			isa = PBXNativeTarget;
			buildConfigurationList = 2EC624F82C54C14D007DDD60 /* Build configuration list for PBXNativeTarget "SwiftUIDemoUITests" */;
			buildPhases = (
				2EC624E42C54C14D007DDD60 /* Sources */,
				2EC624E52C54C14D007DDD60 /* Frameworks */,
				2EC624E62C54C14D007DDD60 /* Resources */,
			);
			buildRules = (
			);
			dependencies = (
				2EC624EA2C54C14D007DDD60 /* PBXTargetDependency */,
			);
			name = SwiftUIDemoUITests;
			productName = SwiftUIDemoUITests;
			productReference = 2EC624E82C54C14D007DDD60 /* SwiftUIDemoUITests.xctest */;
			productType = "com.apple.product-type.bundle.ui-testing";
		};
/* End PBXNativeTarget section */

/* Begin PBXProject section */
		2EC624C62C54C14B007DDD60 /* Project object */ = {
			isa = PBXProject;
			attributes = {
				BuildIndependentTargetsInParallel = 1;
				LastSwiftUpdateCheck = 1410;
				LastUpgradeCheck = 1410;
				TargetAttributes = {
					2EC624CD2C54C14B007DDD60 = {
						CreatedOnToolsVersion = 14.1;
					};
					2EC624DD2C54C14D007DDD60 = {
						CreatedOnToolsVersion = 14.1;
						TestTargetID = 2EC624CD2C54C14B007DDD60;
					};
					2EC624E72C54C14D007DDD60 = {
						CreatedOnToolsVersion = 14.1;
						TestTargetID = 2EC624CD2C54C14B007DDD60;
					};
				};
			};
			buildConfigurationList = 2EC624C92C54C14B007DDD60 /* Build configuration list for PBXProject "SwiftUIDemo" */;
			compatibilityVersion = "Xcode 14.0";
			developmentRegion = en;
			hasScannedForEncodings = 0;
			knownRegions = (
				en,
				Base,
			);
			mainGroup = 2EC624C52C54C14B007DDD60;
			productRefGroup = 2EC624CF2C54C14B007DDD60 /* Products */;
			projectDirPath = "";
			projectRoot = "";
			targets = (
				2EC624CD2C54C14B007DDD60 /* SwiftUIDemo */,
				2EC624DD2C54C14D007DDD60 /* SwiftUIDemoTests */,
				2EC624E72C54C14D007DDD60 /* SwiftUIDemoUITests */,
			);
		};
/* End PBXProject section */

/* Begin PBXResourcesBuildPhase section */
		2EC624CC2C54C14B007DDD60 /* Resources */ = {
			isa = PBXResourcesBuildPhase;
			buildActionMask = 2147483647;
			files = (
				2EC624D92C54C14D007DDD60 /* Preview Assets.xcassets in Resources */,
				2EC624D62C54C14D007DDD60 /* Assets.xcassets in Resources */,
			);
			runOnlyForDeploymentPostprocessing = 0;
		};
		2EC624DC2C54C14D007DDD60 /* Resources */ = {
			isa = PBXResourcesBuildPhase;
			buildActionMask = 2147483647;
			files = (
			);
			runOnlyForDeploymentPostprocessing = 0;
		};
		2EC624E62C54C14D007DDD60 /* Resources */ = {
			isa = PBXResourcesBuildPhase;
			buildActionMask = 2147483647;
			files = (
			);
			runOnlyForDeploymentPostprocessing = 0;
		};
/* End PBXResourcesBuildPhase section */

/* Begin PBXShellScriptBuildPhase section */
		2EB3D9832C562AD300720D9F /* ShellScript */ = {
			isa = PBXShellScriptBuildPhase;
			buildActionMask = 2147483647;
			files = (
			);
			inputFileListPaths = (
			);
			inputPaths = (
			);
			outputFileListPaths = (
			);
			outputPaths = (
			);
			runOnlyForDeploymentPostprocessing = 0;
			shellPath = /bin/sh;
			shellScript = "# Type a script or drag a script file from your workspace to insert its path.\nif which \"${PODS_ROOT}/SwiftLint/swiftlint\"; then\n  ${PODS_ROOT}/SwiftLint/swiftlint\nelse\n  echo \"warning: SwiftLint not installed, download from https://github.com/realm/SwiftLint\"\nfi\n";
		};
		DB7FE98B5359FB0EF07B70DA /* [CP] Check Pods Manifest.lock */ = {
			isa = PBXShellScriptBuildPhase;
			buildActionMask = 2147483647;
			files = (
			);
			inputFileListPaths = (
			);
			inputPaths = (
				"${PODS_PODFILE_DIR_PATH}/Podfile.lock",
				"${PODS_ROOT}/Manifest.lock",
			);
			name = "[CP] Check Pods Manifest.lock";
			outputFileListPaths = (
			);
			outputPaths = (
				"$(DERIVED_FILE_DIR)/Pods-SwiftUIDemo-checkManifestLockResult.txt",
			);
			runOnlyForDeploymentPostprocessing = 0;
			shellPath = /bin/sh;
			shellScript = "diff \"${PODS_PODFILE_DIR_PATH}/Podfile.lock\" \"${PODS_ROOT}/Manifest.lock\" > /dev/null\nif [ $? != 0 ] ; then\n    # print error to STDERR\n    echo \"error: The sandbox is not in sync with the Podfile.lock. Run 'pod install' or update your CocoaPods installation.\" >&2\n    exit 1\nfi\n# This output is used by Xcode 'outputs' to avoid re-running this script phase.\necho \"SUCCESS\" > \"${SCRIPT_OUTPUT_FILE_0}\"\n";
			showEnvVarsInLog = 0;
		};
/* End PBXShellScriptBuildPhase section */

/* Begin PBXSourcesBuildPhase section */
		2EC624CA2C54C14B007DDD60 /* Sources */ = {
			isa = PBXSourcesBuildPhase;
			buildActionMask = 2147483647;
			files = (
				2EB3D9902C5F653400720D9F /* ObservedObject.swift in Sources */,
				2EB3D98B2C5E2B2B00720D9F /* TempExample.swift in Sources */,
				2EB3D9892C5E172800720D9F /* TabView.swift in Sources */,
				2EB3D9872C56A34500720D9F /* TestView.swift in Sources */,
				2EB3D98E2C5F647000720D9F /* StateObject.swift in Sources */,
				2EC624D42C54C14B007DDD60 /* Stack.swift in Sources */,
				2EC624D22C54C14B007DDD60 /* SwiftUIDemoApp.swift in Sources */,
				2EC625002C54EE9E007DDD60 /* List.swift in Sources */,
			);
			runOnlyForDeploymentPostprocessing = 0;
		};
		2EC624DA2C54C14D007DDD60 /* Sources */ = {
			isa = PBXSourcesBuildPhase;
			buildActionMask = 2147483647;
			files = (
				2EC624E32C54C14D007DDD60 /* SwiftUIDemoTests.swift in Sources */,
			);
			runOnlyForDeploymentPostprocessing = 0;
		};
		2EC624E42C54C14D007DDD60 /* Sources */ = {
			isa = PBXSourcesBuildPhase;
			buildActionMask = 2147483647;
			files = (
				2EC624ED2C54C14D007DDD60 /* SwiftUIDemoUITests.swift in Sources */,
				2EC624EF2C54C14D007DDD60 /* SwiftUIDemoUITestsLaunchTests.swift in Sources */,
			);
			runOnlyForDeploymentPostprocessing = 0;
		};
/* End PBXSourcesBuildPhase section */

/* Begin PBXTargetDependency section */
		2EC624E02C54C14D007DDD60 /* PBXTargetDependency */ = {
			isa = PBXTargetDependency;
			target = 2EC624CD2C54C14B007DDD60 /* SwiftUIDemo */;
			targetProxy = 2EC624DF2C54C14D007DDD60 /* PBXContainerItemProxy */;
		};
		2EC624EA2C54C14D007DDD60 /* PBXTargetDependency */ = {
			isa = PBXTargetDependency;
			target = 2EC624CD2C54C14B007DDD60 /* SwiftUIDemo */;
			targetProxy = 2EC624E92C54C14D007DDD60 /* PBXContainerItemProxy */;
		};
/* End PBXTargetDependency section */

/* Begin XCBuildConfiguration section */
		2EC624F02C54C14D007DDD60 /* Debug */ = {
			isa = XCBuildConfiguration;
			buildSettings = {
				ALWAYS_SEARCH_USER_PATHS = NO;
				CLANG_ANALYZER_NONNULL = YES;
				CLANG_ANALYZER_NUMBER_OBJECT_CONVERSION = YES_AGGRESSIVE;
				CLANG_CXX_LANGUAGE_STANDARD = "gnu++20";
				CLANG_ENABLE_MODULES = YES;
				CLANG_ENABLE_OBJC_ARC = YES;
				CLANG_ENABLE_OBJC_WEAK = YES;
				CLANG_WARN_BLOCK_CAPTURE_AUTORELEASING = YES;
				CLANG_WARN_BOOL_CONVERSION = YES;
				CLANG_WARN_COMMA = YES;
				CLANG_WARN_CONSTANT_CONVERSION = YES;
				CLANG_WARN_DEPRECATED_OBJC_IMPLEMENTATIONS = YES;
				CLANG_WARN_DIRECT_OBJC_ISA_USAGE = YES_ERROR;
				CLANG_WARN_DOCUMENTATION_COMMENTS = YES;
				CLANG_WARN_EMPTY_BODY = YES;
				CLANG_WARN_ENUM_CONVERSION = YES;
				CLANG_WARN_INFINITE_RECURSION = YES;
				CLANG_WARN_INT_CONVERSION = YES;
				CLANG_WARN_NON_LITERAL_NULL_CONVERSION = YES;
				CLANG_WARN_OBJC_IMPLICIT_RETAIN_SELF = YES;
				CLANG_WARN_OBJC_LITERAL_CONVERSION = YES;
				CLANG_WARN_OBJC_ROOT_CLASS = YES_ERROR;
				CLANG_WARN_QUOTED_INCLUDE_IN_FRAMEWORK_HEADER = YES;
				CLANG_WARN_RANGE_LOOP_ANALYSIS = YES;
				CLANG_WARN_STRICT_PROTOTYPES = YES;
				CLANG_WARN_SUSPICIOUS_MOVE = YES;
				CLANG_WARN_UNGUARDED_AVAILABILITY = YES_AGGRESSIVE;
				CLANG_WARN_UNREACHABLE_CODE = YES;
				CLANG_WARN__DUPLICATE_METHOD_MATCH = YES;
				COPY_PHASE_STRIP = NO;
				DEBUG_INFORMATION_FORMAT = dwarf;
				ENABLE_STRICT_OBJC_MSGSEND = YES;
				ENABLE_TESTABILITY = YES;
				GCC_C_LANGUAGE_STANDARD = gnu11;
				GCC_DYNAMIC_NO_PIC = NO;
				GCC_NO_COMMON_BLOCKS = YES;
				GCC_OPTIMIZATION_LEVEL = 0;
				GCC_PREPROCESSOR_DEFINITIONS = (
					"DEBUG=1",
					"$(inherited)",
				);
				GCC_WARN_64_TO_32_BIT_CONVERSION = YES;
				GCC_WARN_ABOUT_RETURN_TYPE = YES_ERROR;
				GCC_WARN_UNDECLARED_SELECTOR = YES;
				GCC_WARN_UNINITIALIZED_AUTOS = YES_AGGRESSIVE;
				GCC_WARN_UNUSED_FUNCTION = YES;
				GCC_WARN_UNUSED_VARIABLE = YES;
				IPHONEOS_DEPLOYMENT_TARGET = 16.1;
				MTL_ENABLE_DEBUG_INFO = INCLUDE_SOURCE;
				MTL_FAST_MATH = YES;
				ONLY_ACTIVE_ARCH = YES;
				SDKROOT = iphoneos;
				SWIFT_ACTIVE_COMPILATION_CONDITIONS = DEBUG;
				SWIFT_OPTIMIZATION_LEVEL = "-Onone";
			};
			name = Debug;
		};
		2EC624F12C54C14D007DDD60 /* Release */ = {
			isa = XCBuildConfiguration;
			buildSettings = {
				ALWAYS_SEARCH_USER_PATHS = NO;
				CLANG_ANALYZER_NONNULL = YES;
				CLANG_ANALYZER_NUMBER_OBJECT_CONVERSION = YES_AGGRESSIVE;
				CLANG_CXX_LANGUAGE_STANDARD = "gnu++20";
				CLANG_ENABLE_MODULES = YES;
				CLANG_ENABLE_OBJC_ARC = YES;
				CLANG_ENABLE_OBJC_WEAK = YES;
				CLANG_WARN_BLOCK_CAPTURE_AUTORELEASING = YES;
				CLANG_WARN_BOOL_CONVERSION = YES;
				CLANG_WARN_COMMA = YES;
				CLANG_WARN_CONSTANT_CONVERSION = YES;
				CLANG_WARN_DEPRECATED_OBJC_IMPLEMENTATIONS = YES;
				CLANG_WARN_DIRECT_OBJC_ISA_USAGE = YES_ERROR;
				CLANG_WARN_DOCUMENTATION_COMMENTS = YES;
				CLANG_WARN_EMPTY_BODY = YES;
				CLANG_WARN_ENUM_CONVERSION = YES;
				CLANG_WARN_INFINITE_RECURSION = YES;
				CLANG_WARN_INT_CONVERSION = YES;
				CLANG_WARN_NON_LITERAL_NULL_CONVERSION = YES;
				CLANG_WARN_OBJC_IMPLICIT_RETAIN_SELF = YES;
				CLANG_WARN_OBJC_LITERAL_CONVERSION = YES;
				CLANG_WARN_OBJC_ROOT_CLASS = YES_ERROR;
				CLANG_WARN_QUOTED_INCLUDE_IN_FRAMEWORK_HEADER = YES;
				CLANG_WARN_RANGE_LOOP_ANALYSIS = YES;
				CLANG_WARN_STRICT_PROTOTYPES = YES;
				CLANG_WARN_SUSPICIOUS_MOVE = YES;
				CLANG_WARN_UNGUARDED_AVAILABILITY = YES_AGGRESSIVE;
				CLANG_WARN_UNREACHABLE_CODE = YES;
				CLANG_WARN__DUPLICATE_METHOD_MATCH = YES;
				COPY_PHASE_STRIP = NO;
				DEBUG_INFORMATION_FORMAT = "dwarf-with-dsym";
				ENABLE_NS_ASSERTIONS = NO;
				ENABLE_STRICT_OBJC_MSGSEND = YES;
				GCC_C_LANGUAGE_STANDARD = gnu11;
				GCC_NO_COMMON_BLOCKS = YES;
				GCC_WARN_64_TO_32_BIT_CONVERSION = YES;
				GCC_WARN_ABOUT_RETURN_TYPE = YES_ERROR;
				GCC_WARN_UNDECLARED_SELECTOR = YES;
				GCC_WARN_UNINITIALIZED_AUTOS = YES_AGGRESSIVE;
				GCC_WARN_UNUSED_FUNCTION = YES;
				GCC_WARN_UNUSED_VARIABLE = YES;
				IPHONEOS_DEPLOYMENT_TARGET = 16.1;
				MTL_ENABLE_DEBUG_INFO = NO;
				MTL_FAST_MATH = YES;
				SDKROOT = iphoneos;
				SWIFT_COMPILATION_MODE = wholemodule;
				SWIFT_OPTIMIZATION_LEVEL = "-O";
				VALIDATE_PRODUCT = YES;
			};
			name = Release;
		};
		2EC624F32C54C14D007DDD60 /* Debug */ = {
			isa = XCBuildConfiguration;
			baseConfigurationReference = 985844AF7ADC1E25CDA5B0AA /* Pods-SwiftUIDemo.debug.xcconfig */;
			buildSettings = {
				ASSETCATALOG_COMPILER_APPICON_NAME = AppIcon;
				ASSETCATALOG_COMPILER_GLOBAL_ACCENT_COLOR_NAME = AccentColor;
				CODE_SIGN_STYLE = Automatic;
				CURRENT_PROJECT_VERSION = 1;
				DEVELOPMENT_ASSET_PATHS = "\"SwiftUIDemo/Preview Content\"";
				DEVELOPMENT_TEAM = XB9QC8RL2F;
				ENABLE_PREVIEWS = YES;
				GENERATE_INFOPLIST_FILE = YES;
				INFOPLIST_KEY_UIApplicationSceneManifest_Generation = YES;
				INFOPLIST_KEY_UIApplicationSupportsIndirectInputEvents = YES;
				INFOPLIST_KEY_UILaunchScreen_Generation = YES;
				INFOPLIST_KEY_UISupportedInterfaceOrientations_iPad = "UIInterfaceOrientationPortrait UIInterfaceOrientationPortraitUpsideDown UIInterfaceOrientationLandscapeLeft UIInterfaceOrientationLandscapeRight";
				INFOPLIST_KEY_UISupportedInterfaceOrientations_iPhone = "UIInterfaceOrientationPortrait UIInterfaceOrientationLandscapeLeft UIInterfaceOrientationLandscapeRight";
				LD_RUNPATH_SEARCH_PATHS = (
					"$(inherited)",
					"@executable_path/Frameworks",
				);
				MARKETING_VERSION = 1.0;
				PRODUCT_BUNDLE_IDENTIFIER = com.vhuichen.SwiftUIDemo;
				PRODUCT_NAME = "$(TARGET_NAME)";
				SWIFT_EMIT_LOC_STRINGS = YES;
				SWIFT_VERSION = 5.0;
				TARGETED_DEVICE_FAMILY = "1,2";
			};
			name = Debug;
		};
		2EC624F42C54C14D007DDD60 /* Release */ = {
			isa = XCBuildConfiguration;
			baseConfigurationReference = 8C5E50F5E4471F240092310B /* Pods-SwiftUIDemo.release.xcconfig */;
			buildSettings = {
				ASSETCATALOG_COMPILER_APPICON_NAME = AppIcon;
				ASSETCATALOG_COMPILER_GLOBAL_ACCENT_COLOR_NAME = AccentColor;
				CODE_SIGN_STYLE = Automatic;
				CURRENT_PROJECT_VERSION = 1;
				DEVELOPMENT_ASSET_PATHS = "\"SwiftUIDemo/Preview Content\"";
				DEVELOPMENT_TEAM = XB9QC8RL2F;
				ENABLE_PREVIEWS = YES;
				GENERATE_INFOPLIST_FILE = YES;
				INFOPLIST_KEY_UIApplicationSceneManifest_Generation = YES;
				INFOPLIST_KEY_UIApplicationSupportsIndirectInputEvents = YES;
				INFOPLIST_KEY_UILaunchScreen_Generation = YES;
				INFOPLIST_KEY_UISupportedInterfaceOrientations_iPad = "UIInterfaceOrientationPortrait UIInterfaceOrientationPortraitUpsideDown UIInterfaceOrientationLandscapeLeft UIInterfaceOrientationLandscapeRight";
				INFOPLIST_KEY_UISupportedInterfaceOrientations_iPhone = "UIInterfaceOrientationPortrait UIInterfaceOrientationLandscapeLeft UIInterfaceOrientationLandscapeRight";
				LD_RUNPATH_SEARCH_PATHS = (
					"$(inherited)",
					"@executable_path/Frameworks",
				);
				MARKETING_VERSION = 1.0;
				PRODUCT_BUNDLE_IDENTIFIER = com.vhuichen.SwiftUIDemo;
				PRODUCT_NAME = "$(TARGET_NAME)";
				SWIFT_EMIT_LOC_STRINGS = YES;
				SWIFT_VERSION = 5.0;
				TARGETED_DEVICE_FAMILY = "1,2";
			};
			name = Release;
		};
		2EC624F62C54C14D007DDD60 /* Debug */ = {
			isa = XCBuildConfiguration;
			buildSettings = {
				ALWAYS_EMBED_SWIFT_STANDARD_LIBRARIES = YES;
				BUNDLE_LOADER = "$(TEST_HOST)";
				CODE_SIGN_STYLE = Automatic;
				CURRENT_PROJECT_VERSION = 1;
				DEVELOPMENT_TEAM = XB9QC8RL2F;
				GENERATE_INFOPLIST_FILE = YES;
				IPHONEOS_DEPLOYMENT_TARGET = 16.1;
				MARKETING_VERSION = 1.0;
				PRODUCT_BUNDLE_IDENTIFIER = com.vhuichen.SwiftUIDemoTests;
				PRODUCT_NAME = "$(TARGET_NAME)";
				SWIFT_EMIT_LOC_STRINGS = NO;
				SWIFT_VERSION = 5.0;
				TARGETED_DEVICE_FAMILY = "1,2";
				TEST_HOST = "$(BUILT_PRODUCTS_DIR)/SwiftUIDemo.app/$(BUNDLE_EXECUTABLE_FOLDER_PATH)/SwiftUIDemo";
			};
			name = Debug;
		};
		2EC624F72C54C14D007DDD60 /* Release */ = {
			isa = XCBuildConfiguration;
			buildSettings = {
				ALWAYS_EMBED_SWIFT_STANDARD_LIBRARIES = YES;
				BUNDLE_LOADER = "$(TEST_HOST)";
				CODE_SIGN_STYLE = Automatic;
				CURRENT_PROJECT_VERSION = 1;
				DEVELOPMENT_TEAM = XB9QC8RL2F;
				GENERATE_INFOPLIST_FILE = YES;
				IPHONEOS_DEPLOYMENT_TARGET = 16.1;
				MARKETING_VERSION = 1.0;
				PRODUCT_BUNDLE_IDENTIFIER = com.vhuichen.SwiftUIDemoTests;
				PRODUCT_NAME = "$(TARGET_NAME)";
				SWIFT_EMIT_LOC_STRINGS = NO;
				SWIFT_VERSION = 5.0;
				TARGETED_DEVICE_FAMILY = "1,2";
				TEST_HOST = "$(BUILT_PRODUCTS_DIR)/SwiftUIDemo.app/$(BUNDLE_EXECUTABLE_FOLDER_PATH)/SwiftUIDemo";
			};
			name = Release;
		};
		2EC624F92C54C14D007DDD60 /* Debug */ = {
			isa = XCBuildConfiguration;
			buildSettings = {
				ALWAYS_EMBED_SWIFT_STANDARD_LIBRARIES = YES;
				CODE_SIGN_STYLE = Automatic;
				CURRENT_PROJECT_VERSION = 1;
				DEVELOPMENT_TEAM = XB9QC8RL2F;
				GENERATE_INFOPLIST_FILE = YES;
				MARKETING_VERSION = 1.0;
				PRODUCT_BUNDLE_IDENTIFIER = com.vhuichen.SwiftUIDemoUITests;
				PRODUCT_NAME = "$(TARGET_NAME)";
				SWIFT_EMIT_LOC_STRINGS = NO;
				SWIFT_VERSION = 5.0;
				TARGETED_DEVICE_FAMILY = "1,2";
				TEST_TARGET_NAME = SwiftUIDemo;
			};
			name = Debug;
		};
		2EC624FA2C54C14D007DDD60 /* Release */ = {
			isa = XCBuildConfiguration;
			buildSettings = {
				ALWAYS_EMBED_SWIFT_STANDARD_LIBRARIES = YES;
				CODE_SIGN_STYLE = Automatic;
				CURRENT_PROJECT_VERSION = 1;
				DEVELOPMENT_TEAM = XB9QC8RL2F;
				GENERATE_INFOPLIST_FILE = YES;
				MARKETING_VERSION = 1.0;
				PRODUCT_BUNDLE_IDENTIFIER = com.vhuichen.SwiftUIDemoUITests;
				PRODUCT_NAME = "$(TARGET_NAME)";
				SWIFT_EMIT_LOC_STRINGS = NO;
				SWIFT_VERSION = 5.0;
				TARGETED_DEVICE_FAMILY = "1,2";
				TEST_TARGET_NAME = SwiftUIDemo;
			};
			name = Release;
		};
/* End XCBuildConfiguration section */

/* Begin XCConfigurationList section */
		2EC624C92C54C14B007DDD60 /* Build configuration list for PBXProject "SwiftUIDemo" */ = {
			isa = XCConfigurationList;
			buildConfigurations = (
				2EC624F02C54C14D007DDD60 /* Debug */,
				2EC624F12C54C14D007DDD60 /* Release */,
			);
			defaultConfigurationIsVisible = 0;
			defaultConfigurationName = Release;
		};
		2EC624F22C54C14D007DDD60 /* Build configuration list for PBXNativeTarget "SwiftUIDemo" */ = {
			isa = XCConfigurationList;
			buildConfigurations = (
				2EC624F32C54C14D007DDD60 /* Debug */,
				2EC624F42C54C14D007DDD60 /* Release */,
			);
			defaultConfigurationIsVisible = 0;
			defaultConfigurationName = Release;
		};
		2EC624F52C54C14D007DDD60 /* Build configuration list for PBXNativeTarget "SwiftUIDemoTests" */ = {
			isa = XCConfigurationList;
			buildConfigurations = (
				2EC624F62C54C14D007DDD60 /* Debug */,
				2EC624F72C54C14D007DDD60 /* Release */,
			);
			defaultConfigurationIsVisible = 0;
			defaultConfigurationName = Release;
		};
		2EC624F82C54C14D007DDD60 /* Build configuration list for PBXNativeTarget "SwiftUIDemoUITests" */ = {
			isa = XCConfigurationList;
			buildConfigurations = (
				2EC624F92C54C14D007DDD60 /* Debug */,
				2EC624FA2C54C14D007DDD60 /* Release */,
			);
			defaultConfigurationIsVisible = 0;
			defaultConfigurationName = Release;
		};
/* End XCConfigurationList section */
	};
	rootObject = 2EC624C62C54C14B007DDD60 /* Project object */;
}
